// !$*UTF8*$!
{
	archiveVersion = 1;
	classes = {
	};
	objectVersion = 46;
	objects = {

/* Begin PBXBuildFile section */
		63152DDE1C7DE85B00AE47ED /* CGCalculateModuleAssembly.m in Sources */ = {isa = PBXBuildFile; fileRef = 63152DDD1C7DE85B00AE47ED /* CGCalculateModuleAssembly.m */; };
		63152DE31C7DE86700AE47ED /* CGCalculateModuleInteractor.m in Sources */ = {isa = PBXBuildFile; fileRef = 63152DE01C7DE86700AE47ED /* CGCalculateModuleInteractor.m */; };
		63152DE71C7DE86F00AE47ED /* CGCalculateModulePresenter.m in Sources */ = {isa = PBXBuildFile; fileRef = 63152DE61C7DE86F00AE47ED /* CGCalculateModulePresenter.m */; };
		63152DEB1C7DE87600AE47ED /* CGCalculateModuleRouter.m in Sources */ = {isa = PBXBuildFile; fileRef = 63152DE91C7DE87600AE47ED /* CGCalculateModuleRouter.m */; };
		63152DF01C7DE88200AE47ED /* CGCalculateModuleViewController.m in Sources */ = {isa = PBXBuildFile; fileRef = 63152DED1C7DE88200AE47ED /* CGCalculateModuleViewController.m */; };
		63915ABD1D082D4200AE102D /* LocalizeHelper.m in Sources */ = {isa = PBXBuildFile; fileRef = 63915ABC1D082D4200AE102D /* LocalizeHelper.m */; };
		63915AF91D103FEB00AE102D /* TransportServices.m in Sources */ = {isa = PBXBuildFile; fileRef = 63915AF81D103FEB00AE102D /* TransportServices.m */; };
		63915AFC1D10401F00AE102D /* City.m in Sources */ = {isa = PBXBuildFile; fileRef = 63915AFB1D10401F00AE102D /* City.m */; };
		63915AFF1D1068CE00AE102D /* VolumeCalculateView.m in Sources */ = {isa = PBXBuildFile; fileRef = 63915AFE1D1068CE00AE102D /* VolumeCalculateView.m */; };
		63915B011D1068E400AE102D /* VolumeCalculateView.xib in Resources */ = {isa = PBXBuildFile; fileRef = 63915B001D1068E400AE102D /* VolumeCalculateView.xib */; };
		63B539881D2D47450061CA39 /* Touching+UIView.m in Sources */ = {isa = PBXBuildFile; fileRef = 63B539871D2D47450061CA39 /* Touching+UIView.m */; };
		63B5398B1D2D50AF0061CA39 /* CustomView.m in Sources */ = {isa = PBXBuildFile; fileRef = 63B5398A1D2D50AF0061CA39 /* CustomView.m */; };
		63D956F21CFDF0BB00138774 /* RevealTableViewCell.m in Sources */ = {isa = PBXBuildFile; fileRef = 63D956EF1CFDF0BB00138774 /* RevealTableViewCell.m */; };
		63D956F31CFDF0BB00138774 /* LeftTableViewController.m in Sources */ = {isa = PBXBuildFile; fileRef = 63D956F11CFDF0BB00138774 /* LeftTableViewController.m */; };
		63D956F81CFF34FB00138774 /* Configuration.storyboard in Resources */ = {isa = PBXBuildFile; fileRef = 63D956F61CFF34FB00138774 /* Configuration.storyboard */; };
		63D956FB1CFF351C00138774 /* Info.storyboard in Resources */ = {isa = PBXBuildFile; fileRef = 63D956F91CFF351C00138774 /* Info.storyboard */; };
		63D956FF1CFF392100138774 /* BaseConfigurationViewController.m in Sources */ = {isa = PBXBuildFile; fileRef = 63D956FE1CFF392100138774 /* BaseConfigurationViewController.m */; };
		63D957021CFF395000138774 /* LanguageViewController.m in Sources */ = {isa = PBXBuildFile; fileRef = 63D957011CFF395000138774 /* LanguageViewController.m */; };
		63D957051CFF396800138774 /* CurrencyViewController.m in Sources */ = {isa = PBXBuildFile; fileRef = 63D957041CFF396800138774 /* CurrencyViewController.m */; };
		63D957081CFF397F00138774 /* VolumeViewController.m in Sources */ = {isa = PBXBuildFile; fileRef = 63D957071CFF397F00138774 /* VolumeViewController.m */; };
		63D9570B1CFF3A9B00138774 /* WeightViewController.m in Sources */ = {isa = PBXBuildFile; fileRef = 63D9570A1CFF3A9B00138774 /* WeightViewController.m */; };
		63D9570F1D0065AE00138774 /* LanTableViewCell.m in Sources */ = {isa = PBXBuildFile; fileRef = 63D9570E1D0065AE00138774 /* LanTableViewCell.m */; };
		756CD7A91C96FC450019A22C /* Localizable.strings in Resources */ = {isa = PBXBuildFile; fileRef = 756CD7AB1C96FC450019A22C /* Localizable.strings */; };
		758B0D891C8894990018E85E /* CGFilterModuleAssembly.m in Sources */ = {isa = PBXBuildFile; fileRef = 758B0D761C8894990018E85E /* CGFilterModuleAssembly.m */; };
		758B0D8A1C8894990018E85E /* CGFilterModuleInteractor.m in Sources */ = {isa = PBXBuildFile; fileRef = 758B0D791C8894990018E85E /* CGFilterModuleInteractor.m */; };
		758B0D8B1C8894990018E85E /* CGFilterModulePresenter.m in Sources */ = {isa = PBXBuildFile; fileRef = 758B0D7F1C8894990018E85E /* CGFilterModulePresenter.m */; };
		758B0D8C1C8894990018E85E /* CGFilterModuleRouter.m in Sources */ = {isa = PBXBuildFile; fileRef = 758B0D821C8894990018E85E /* CGFilterModuleRouter.m */; };
		758B0D8D1C8894990018E85E /* CGFilterModuleViewController.m in Sources */ = {isa = PBXBuildFile; fileRef = 758B0D861C8894990018E85E /* CGFilterModuleViewController.m */; };
		758B0D921C8B80000018E85E /* SortingView.m in Sources */ = {isa = PBXBuildFile; fileRef = 758B0D911C8B80000018E85E /* SortingView.m */; };
		758B0D941C8B824D0018E85E /* SortingView.xib in Resources */ = {isa = PBXBuildFile; fileRef = 758B0D931C8B824D0018E85E /* SortingView.xib */; };
		7591F2581D00CE2300835276 /* CurTableViewCell.m in Sources */ = {isa = PBXBuildFile; fileRef = 7591F2571D00CE2300835276 /* CurTableViewCell.m */; };
		7591F25B1D023DD400835276 /* VolTableViewCell.m in Sources */ = {isa = PBXBuildFile; fileRef = 7591F25A1D023DD400835276 /* VolTableViewCell.m */; };
		7591F25E1D023DF200835276 /* WeightTableViewCell.m in Sources */ = {isa = PBXBuildFile; fileRef = 7591F25D1D023DF200835276 /* WeightTableViewCell.m */; };
		7591F2611D023E4F00835276 /* BaseTableViewCell.m in Sources */ = {isa = PBXBuildFile; fileRef = 7591F2601D023E4F00835276 /* BaseTableViewCell.m */; };
		7591F2641D049A0000835276 /* ConfigFormat+NSString.m in Sources */ = {isa = PBXBuildFile; fileRef = 7591F2631D049A0000835276 /* ConfigFormat+NSString.m */; };
		7591F2681D05876B00835276 /* ReturnConnectionViewController.m in Sources */ = {isa = PBXBuildFile; fileRef = 7591F2671D05876B00835276 /* ReturnConnectionViewController.m */; };
		7591F26B1D059B4400835276 /* AboutUsViewController.m in Sources */ = {isa = PBXBuildFile; fileRef = 7591F26A1D059B4400835276 /* AboutUsViewController.m */; };
		7591F2751D0C24ED00835276 /* MMExampleDrawerVisualStateManager.m in Sources */ = {isa = PBXBuildFile; fileRef = 7591F2741D0C24ED00835276 /* MMExampleDrawerVisualStateManager.m */; };
		75CF6A561D2C4DF2000CE1D7 /* DimensionalTranslation+NSString.m in Sources */ = {isa = PBXBuildFile; fileRef = 75CF6A551D2C4DF2000CE1D7 /* DimensionalTranslation+NSString.m */; };
		75F64AD11C7DB1E50019F61C /* main.m in Sources */ = {isa = PBXBuildFile; fileRef = 75F64AD01C7DB1E50019F61C /* main.m */; };
		75F64AD41C7DB1E50019F61C /* AppDelegate.m in Sources */ = {isa = PBXBuildFile; fileRef = 75F64AD31C7DB1E50019F61C /* AppDelegate.m */; };
		75F64AD71C7DB1E50019F61C /* ViewController.m in Sources */ = {isa = PBXBuildFile; fileRef = 75F64AD61C7DB1E50019F61C /* ViewController.m */; };
		75F64ADA1C7DB1E50019F61C /* Main.storyboard in Resources */ = {isa = PBXBuildFile; fileRef = 75F64AD81C7DB1E50019F61C /* Main.storyboard */; };
		75F64ADD1C7DB1E50019F61C /* CargoGuroViper.xcdatamodeld in Sources */ = {isa = PBXBuildFile; fileRef = 75F64ADB1C7DB1E50019F61C /* CargoGuroViper.xcdatamodeld */; };
		75F64ADF1C7DB1E50019F61C /* Assets.xcassets in Resources */ = {isa = PBXBuildFile; fileRef = 75F64ADE1C7DB1E50019F61C /* Assets.xcassets */; };
		75F64AE21C7DB1E50019F61C /* LaunchScreen.storyboard in Resources */ = {isa = PBXBuildFile; fileRef = 75F64AE01C7DB1E50019F61C /* LaunchScreen.storyboard */; };
		75F64AEB1C7E1C360019F61C /* libRamblerTyphoonUtils.a in Frameworks */ = {isa = PBXBuildFile; fileRef = 75F64AE91C7E1C360019F61C /* libRamblerTyphoonUtils.a */; };
		75F64AEC1C7E1C360019F61C /* libTyphoon.a in Frameworks */ = {isa = PBXBuildFile; fileRef = 75F64AEA1C7E1C360019F61C /* libTyphoon.a */; };
		75F64B1E1C7E66F80019F61C /* CGResultCalculateModuleAssembly.m in Sources */ = {isa = PBXBuildFile; fileRef = 75F64B0B1C7E66F80019F61C /* CGResultCalculateModuleAssembly.m */; };
		75F64B1F1C7E66F80019F61C /* CGResultCalculateModuleInteractor.m in Sources */ = {isa = PBXBuildFile; fileRef = 75F64B0E1C7E66F80019F61C /* CGResultCalculateModuleInteractor.m */; };
		75F64B201C7E66F80019F61C /* CGResultCalculateModulePresenter.m in Sources */ = {isa = PBXBuildFile; fileRef = 75F64B141C7E66F80019F61C /* CGResultCalculateModulePresenter.m */; };
		75F64B211C7E66F80019F61C /* CGResultCalculateModuleRouter.m in Sources */ = {isa = PBXBuildFile; fileRef = 75F64B171C7E66F80019F61C /* CGResultCalculateModuleRouter.m */; };
		75F64B221C7E66F80019F61C /* CGResultCalculateModuleViewController.m in Sources */ = {isa = PBXBuildFile; fileRef = 75F64B1B1C7E66F80019F61C /* CGResultCalculateModuleViewController.m */; };
		75F64B331C8055BF0019F61C /* HTTPClient.m in Sources */ = {isa = PBXBuildFile; fileRef = 75F64B2E1C8055BF0019F61C /* HTTPClient.m */; };
		75F64B341C8055BF0019F61C /* JSONResponseSerializerWithData.m in Sources */ = {isa = PBXBuildFile; fileRef = 75F64B301C8055BF0019F61C /* JSONResponseSerializerWithData.m */; };
		75F64B391C809F540019F61C /* ResultTableViewCell.m in Sources */ = {isa = PBXBuildFile; fileRef = 75F64B371C809F540019F61C /* ResultTableViewCell.m */; };
		75F64B3A1C809F540019F61C /* ResultTableViewCell.xib in Resources */ = {isa = PBXBuildFile; fileRef = 75F64B381C809F540019F61C /* ResultTableViewCell.xib */; };
		BB10D36160EB4015EB2D23F0 /* libPods-CargoGuruViper.a in Frameworks */ = {isa = PBXBuildFile; fileRef = 42F7C2E2661103670FD6145A /* libPods-CargoGuruViper.a */; };
/* End PBXBuildFile section */

/* Begin PBXFileReference section */
		04AAC9AD351B42392ABA5073 /* Pods-CargoGuruViper.debug.xcconfig */ = {isa = PBXFileReference; includeInIndex = 1; lastKnownFileType = text.xcconfig; name = "Pods-CargoGuruViper.debug.xcconfig"; path = "Pods/Target Support Files/Pods-CargoGuruViper/Pods-CargoGuruViper.debug.xcconfig"; sourceTree = "<group>"; };
		42F7C2E2661103670FD6145A /* libPods-CargoGuruViper.a */ = {isa = PBXFileReference; explicitFileType = archive.ar; includeInIndex = 0; path = "libPods-CargoGuruViper.a"; sourceTree = BUILT_PRODUCTS_DIR; };
		63152DDC1C7DE85B00AE47ED /* CGCalculateModuleAssembly.h */ = {isa = PBXFileReference; fileEncoding = 4; lastKnownFileType = sourcecode.c.h; name = CGCalculateModuleAssembly.h; path = CalculateModule/Assembly/CGCalculateModuleAssembly.h; sourceTree = "<group>"; };
		63152DDD1C7DE85B00AE47ED /* CGCalculateModuleAssembly.m */ = {isa = PBXFileReference; fileEncoding = 4; lastKnownFileType = sourcecode.c.objc; name = CGCalculateModuleAssembly.m; path = CalculateModule/Assembly/CGCalculateModuleAssembly.m; sourceTree = "<group>"; };
		63152DDF1C7DE86700AE47ED /* CGCalculateModuleInteractor.h */ = {isa = PBXFileReference; fileEncoding = 4; lastKnownFileType = sourcecode.c.h; name = CGCalculateModuleInteractor.h; path = CalculateModule/Interactor/CGCalculateModuleInteractor.h; sourceTree = "<group>"; };
		63152DE01C7DE86700AE47ED /* CGCalculateModuleInteractor.m */ = {isa = PBXFileReference; fileEncoding = 4; lastKnownFileType = sourcecode.c.objc; name = CGCalculateModuleInteractor.m; path = CalculateModule/Interactor/CGCalculateModuleInteractor.m; sourceTree = "<group>"; };
		63152DE11C7DE86700AE47ED /* CGCalculateModuleInteractorInput.h */ = {isa = PBXFileReference; fileEncoding = 4; lastKnownFileType = sourcecode.c.h; name = CGCalculateModuleInteractorInput.h; path = CalculateModule/Interactor/CGCalculateModuleInteractorInput.h; sourceTree = "<group>"; };
		63152DE21C7DE86700AE47ED /* CGCalculateModuleInteractorOutput.h */ = {isa = PBXFileReference; fileEncoding = 4; lastKnownFileType = sourcecode.c.h; name = CGCalculateModuleInteractorOutput.h; path = CalculateModule/Interactor/CGCalculateModuleInteractorOutput.h; sourceTree = "<group>"; };
		63152DE41C7DE86F00AE47ED /* CGCalculateModuleModuleInput.h */ = {isa = PBXFileReference; fileEncoding = 4; lastKnownFileType = sourcecode.c.h; name = CGCalculateModuleModuleInput.h; path = CalculateModule/Presenter/CGCalculateModuleModuleInput.h; sourceTree = "<group>"; };
		63152DE51C7DE86F00AE47ED /* CGCalculateModulePresenter.h */ = {isa = PBXFileReference; fileEncoding = 4; lastKnownFileType = sourcecode.c.h; name = CGCalculateModulePresenter.h; path = CalculateModule/Presenter/CGCalculateModulePresenter.h; sourceTree = "<group>"; };
		63152DE61C7DE86F00AE47ED /* CGCalculateModulePresenter.m */ = {isa = PBXFileReference; fileEncoding = 4; lastKnownFileType = sourcecode.c.objc; name = CGCalculateModulePresenter.m; path = CalculateModule/Presenter/CGCalculateModulePresenter.m; sourceTree = "<group>"; };
		63152DE81C7DE87600AE47ED /* CGCalculateModuleRouter.h */ = {isa = PBXFileReference; fileEncoding = 4; lastKnownFileType = sourcecode.c.h; name = CGCalculateModuleRouter.h; path = CalculateModule/Router/CGCalculateModuleRouter.h; sourceTree = "<group>"; };
		63152DE91C7DE87600AE47ED /* CGCalculateModuleRouter.m */ = {isa = PBXFileReference; fileEncoding = 4; lastKnownFileType = sourcecode.c.objc; name = CGCalculateModuleRouter.m; path = CalculateModule/Router/CGCalculateModuleRouter.m; sourceTree = "<group>"; };
		63152DEA1C7DE87600AE47ED /* CGCalculateModuleRouterInput.h */ = {isa = PBXFileReference; fileEncoding = 4; lastKnownFileType = sourcecode.c.h; name = CGCalculateModuleRouterInput.h; path = CalculateModule/Router/CGCalculateModuleRouterInput.h; sourceTree = "<group>"; };
		63152DEC1C7DE88200AE47ED /* CGCalculateModuleViewController.h */ = {isa = PBXFileReference; fileEncoding = 4; lastKnownFileType = sourcecode.c.h; name = CGCalculateModuleViewController.h; path = CalculateModule/View/CGCalculateModuleViewController.h; sourceTree = "<group>"; };
		63152DED1C7DE88200AE47ED /* CGCalculateModuleViewController.m */ = {isa = PBXFileReference; fileEncoding = 4; lastKnownFileType = sourcecode.c.objc; name = CGCalculateModuleViewController.m; path = CalculateModule/View/CGCalculateModuleViewController.m; sourceTree = "<group>"; };
		63152DEE1C7DE88200AE47ED /* CGCalculateModuleViewInput.h */ = {isa = PBXFileReference; fileEncoding = 4; lastKnownFileType = sourcecode.c.h; name = CGCalculateModuleViewInput.h; path = CalculateModule/View/CGCalculateModuleViewInput.h; sourceTree = "<group>"; };
		63152DEF1C7DE88200AE47ED /* CGCalculateModuleViewOutput.h */ = {isa = PBXFileReference; fileEncoding = 4; lastKnownFileType = sourcecode.c.h; name = CGCalculateModuleViewOutput.h; path = CalculateModule/View/CGCalculateModuleViewOutput.h; sourceTree = "<group>"; };
		63915ABA1D06FB3A00AE102D /* PrefixHeader.pch */ = {isa = PBXFileReference; fileEncoding = 4; lastKnownFileType = sourcecode.c.h; path = PrefixHeader.pch; sourceTree = "<group>"; };
		63915ABB1D082D4200AE102D /* LocalizeHelper.h */ = {isa = PBXFileReference; fileEncoding = 4; lastKnownFileType = sourcecode.c.h; path = LocalizeHelper.h; sourceTree = "<group>"; };
		63915ABC1D082D4200AE102D /* LocalizeHelper.m */ = {isa = PBXFileReference; fileEncoding = 4; lastKnownFileType = sourcecode.c.objc; path = LocalizeHelper.m; sourceTree = "<group>"; };
		63915ABE1D082FCD00AE102D /* de */ = {isa = PBXFileReference; lastKnownFileType = text.plist.strings; name = de; path = de.lproj/Main.strings; sourceTree = "<group>"; };
		63915ABF1D082FCD00AE102D /* de */ = {isa = PBXFileReference; lastKnownFileType = text.plist.strings; name = de; path = de.lproj/LaunchScreen.strings; sourceTree = "<group>"; };
		63915AC01D082FCD00AE102D /* de */ = {isa = PBXFileReference; lastKnownFileType = text.plist.strings; name = de; path = de.lproj/Configuration.strings; sourceTree = "<group>"; };
		63915AC11D082FCD00AE102D /* de */ = {isa = PBXFileReference; lastKnownFileType = text.plist.strings; name = de; path = de.lproj/Info.strings; sourceTree = "<group>"; };
		63915AC21D082FCD00AE102D /* de */ = {isa = PBXFileReference; lastKnownFileType = text.plist.strings; name = de; path = de.lproj/Localizable.strings; sourceTree = "<group>"; };
		63915AC31D08304D00AE102D /* fr */ = {isa = PBXFileReference; lastKnownFileType = text.plist.strings; name = fr; path = fr.lproj/Main.strings; sourceTree = "<group>"; };
		63915AC41D08304D00AE102D /* fr */ = {isa = PBXFileReference; lastKnownFileType = text.plist.strings; name = fr; path = fr.lproj/LaunchScreen.strings; sourceTree = "<group>"; };
		63915AC51D08304D00AE102D /* fr */ = {isa = PBXFileReference; lastKnownFileType = text.plist.strings; name = fr; path = fr.lproj/Configuration.strings; sourceTree = "<group>"; };
		63915AC61D08304D00AE102D /* fr */ = {isa = PBXFileReference; lastKnownFileType = text.plist.strings; name = fr; path = fr.lproj/Info.strings; sourceTree = "<group>"; };
		63915AC71D08304D00AE102D /* fr */ = {isa = PBXFileReference; lastKnownFileType = text.plist.strings; name = fr; path = fr.lproj/Localizable.strings; sourceTree = "<group>"; };
		63915AC81D08306300AE102D /* zh-Hans */ = {isa = PBXFileReference; lastKnownFileType = text.plist.strings; name = "zh-Hans"; path = "zh-Hans.lproj/Main.strings"; sourceTree = "<group>"; };
		63915AC91D08306300AE102D /* zh-Hans */ = {isa = PBXFileReference; lastKnownFileType = text.plist.strings; name = "zh-Hans"; path = "zh-Hans.lproj/LaunchScreen.strings"; sourceTree = "<group>"; };
		63915ACA1D08306300AE102D /* zh-Hans */ = {isa = PBXFileReference; lastKnownFileType = text.plist.strings; name = "zh-Hans"; path = "zh-Hans.lproj/Configuration.strings"; sourceTree = "<group>"; };
		63915ACB1D08306300AE102D /* zh-Hans */ = {isa = PBXFileReference; lastKnownFileType = text.plist.strings; name = "zh-Hans"; path = "zh-Hans.lproj/Info.strings"; sourceTree = "<group>"; };
		63915ACC1D08306300AE102D /* zh-Hans */ = {isa = PBXFileReference; lastKnownFileType = text.plist.strings; name = "zh-Hans"; path = "zh-Hans.lproj/Localizable.strings"; sourceTree = "<group>"; };
		63915AF71D103FEB00AE102D /* TransportServices.h */ = {isa = PBXFileReference; fileEncoding = 4; lastKnownFileType = sourcecode.c.h; name = TransportServices.h; path = LibraryAPI/TransportServices/TransportServices.h; sourceTree = "<group>"; };
		63915AF81D103FEB00AE102D /* TransportServices.m */ = {isa = PBXFileReference; fileEncoding = 4; lastKnownFileType = sourcecode.c.objc; name = TransportServices.m; path = LibraryAPI/TransportServices/TransportServices.m; sourceTree = "<group>"; };
		63915AFA1D10401F00AE102D /* City.h */ = {isa = PBXFileReference; fileEncoding = 4; lastKnownFileType = sourcecode.c.h; name = City.h; path = LibraryAPI/TransportServices/City.h; sourceTree = "<group>"; };
		63915AFB1D10401F00AE102D /* City.m */ = {isa = PBXFileReference; fileEncoding = 4; lastKnownFileType = sourcecode.c.objc; name = City.m; path = LibraryAPI/TransportServices/City.m; sourceTree = "<group>"; };
		63915AFD1D1068CE00AE102D /* VolumeCalculateView.h */ = {isa = PBXFileReference; fileEncoding = 4; lastKnownFileType = sourcecode.c.h; name = VolumeCalculateView.h; path = CalculateModule/View/VolumeCalculateView.h; sourceTree = "<group>"; };
		63915AFE1D1068CE00AE102D /* VolumeCalculateView.m */ = {isa = PBXFileReference; fileEncoding = 4; lastKnownFileType = sourcecode.c.objc; name = VolumeCalculateView.m; path = CalculateModule/View/VolumeCalculateView.m; sourceTree = "<group>"; };
		63915B001D1068E400AE102D /* VolumeCalculateView.xib */ = {isa = PBXFileReference; fileEncoding = 4; lastKnownFileType = file.xib; name = VolumeCalculateView.xib; path = CalculateModule/View/VolumeCalculateView.xib; sourceTree = "<group>"; };
		63B539861D2D47450061CA39 /* Touching+UIView.h */ = {isa = PBXFileReference; fileEncoding = 4; lastKnownFileType = sourcecode.c.h; name = "Touching+UIView.h"; path = "Category/Touching+UIView.h"; sourceTree = "<group>"; };
		63B539871D2D47450061CA39 /* Touching+UIView.m */ = {isa = PBXFileReference; fileEncoding = 4; lastKnownFileType = sourcecode.c.objc; name = "Touching+UIView.m"; path = "Category/Touching+UIView.m"; sourceTree = "<group>"; };
		63B539891D2D50AF0061CA39 /* CustomView.h */ = {isa = PBXFileReference; fileEncoding = 4; lastKnownFileType = sourcecode.c.h; name = CustomView.h; path = CalculateModule/View/CustomView.h; sourceTree = "<group>"; };
		63B5398A1D2D50AF0061CA39 /* CustomView.m */ = {isa = PBXFileReference; fileEncoding = 4; lastKnownFileType = sourcecode.c.objc; name = CustomView.m; path = CalculateModule/View/CustomView.m; sourceTree = "<group>"; };
		63D956EE1CFDF0BB00138774 /* RevealTableViewCell.h */ = {isa = PBXFileReference; fileEncoding = 4; lastKnownFileType = sourcecode.c.h; path = RevealTableViewCell.h; sourceTree = "<group>"; };
		63D956EF1CFDF0BB00138774 /* RevealTableViewCell.m */ = {isa = PBXFileReference; fileEncoding = 4; lastKnownFileType = sourcecode.c.objc; path = RevealTableViewCell.m; sourceTree = "<group>"; };
		63D956F01CFDF0BB00138774 /* LeftTableViewController.h */ = {isa = PBXFileReference; fileEncoding = 4; lastKnownFileType = sourcecode.c.h; path = LeftTableViewController.h; sourceTree = "<group>"; };
		63D956F11CFDF0BB00138774 /* LeftTableViewController.m */ = {isa = PBXFileReference; fileEncoding = 4; lastKnownFileType = sourcecode.c.objc; path = LeftTableViewController.m; sourceTree = "<group>"; };
		63D956F71CFF34FB00138774 /* Base */ = {isa = PBXFileReference; lastKnownFileType = file.storyboard; name = Base; path = Base.lproj/Configuration.storyboard; sourceTree = "<group>"; };
		63D956FA1CFF351C00138774 /* Base */ = {isa = PBXFileReference; lastKnownFileType = file.storyboard; name = Base; path = Base.lproj/Info.storyboard; sourceTree = "<group>"; };
		63D956FD1CFF392100138774 /* BaseConfigurationViewController.h */ = {isa = PBXFileReference; fileEncoding = 4; lastKnownFileType = sourcecode.c.h; name = BaseConfigurationViewController.h; path = ConfigurationSections/BaseConfigurationViewController.h; sourceTree = "<group>"; };
		63D956FE1CFF392100138774 /* BaseConfigurationViewController.m */ = {isa = PBXFileReference; fileEncoding = 4; lastKnownFileType = sourcecode.c.objc; name = BaseConfigurationViewController.m; path = ConfigurationSections/BaseConfigurationViewController.m; sourceTree = "<group>"; };
		63D957001CFF395000138774 /* LanguageViewController.h */ = {isa = PBXFileReference; fileEncoding = 4; lastKnownFileType = sourcecode.c.h; name = LanguageViewController.h; path = ConfigurationSections/LanguageViewController.h; sourceTree = "<group>"; };
		63D957011CFF395000138774 /* LanguageViewController.m */ = {isa = PBXFileReference; fileEncoding = 4; lastKnownFileType = sourcecode.c.objc; name = LanguageViewController.m; path = ConfigurationSections/LanguageViewController.m; sourceTree = "<group>"; };
		63D957031CFF396800138774 /* CurrencyViewController.h */ = {isa = PBXFileReference; fileEncoding = 4; lastKnownFileType = sourcecode.c.h; name = CurrencyViewController.h; path = ConfigurationSections/CurrencyViewController.h; sourceTree = "<group>"; };
		63D957041CFF396800138774 /* CurrencyViewController.m */ = {isa = PBXFileReference; fileEncoding = 4; lastKnownFileType = sourcecode.c.objc; name = CurrencyViewController.m; path = ConfigurationSections/CurrencyViewController.m; sourceTree = "<group>"; };
		63D957061CFF397F00138774 /* VolumeViewController.h */ = {isa = PBXFileReference; fileEncoding = 4; lastKnownFileType = sourcecode.c.h; name = VolumeViewController.h; path = ConfigurationSections/VolumeViewController.h; sourceTree = "<group>"; };
		63D957071CFF397F00138774 /* VolumeViewController.m */ = {isa = PBXFileReference; fileEncoding = 4; lastKnownFileType = sourcecode.c.objc; name = VolumeViewController.m; path = ConfigurationSections/VolumeViewController.m; sourceTree = "<group>"; };
		63D957091CFF3A9B00138774 /* WeightViewController.h */ = {isa = PBXFileReference; fileEncoding = 4; lastKnownFileType = sourcecode.c.h; name = WeightViewController.h; path = ConfigurationSections/WeightViewController.h; sourceTree = "<group>"; };
		63D9570A1CFF3A9B00138774 /* WeightViewController.m */ = {isa = PBXFileReference; fileEncoding = 4; lastKnownFileType = sourcecode.c.objc; name = WeightViewController.m; path = ConfigurationSections/WeightViewController.m; sourceTree = "<group>"; };
		63D9570D1D0065AE00138774 /* LanTableViewCell.h */ = {isa = PBXFileReference; fileEncoding = 4; lastKnownFileType = sourcecode.c.h; name = LanTableViewCell.h; path = ConfigurationSections/Cells/LanTableViewCell.h; sourceTree = "<group>"; };
		63D9570E1D0065AE00138774 /* LanTableViewCell.m */ = {isa = PBXFileReference; fileEncoding = 4; lastKnownFileType = sourcecode.c.objc; name = LanTableViewCell.m; path = ConfigurationSections/Cells/LanTableViewCell.m; sourceTree = "<group>"; };
		756CD7A71C96FC380019A22C /* ru */ = {isa = PBXFileReference; lastKnownFileType = text.plist.strings; name = ru; path = ru.lproj/Main.strings; sourceTree = "<group>"; };
		756CD7A81C96FC380019A22C /* ru */ = {isa = PBXFileReference; lastKnownFileType = text.plist.strings; name = ru; path = ru.lproj/LaunchScreen.strings; sourceTree = "<group>"; };
		756CD7AA1C96FC450019A22C /* en */ = {isa = PBXFileReference; lastKnownFileType = text.plist.strings; name = en; path = en.lproj/Localizable.strings; sourceTree = "<group>"; };
		756CD7AC1C96FC480019A22C /* ru */ = {isa = PBXFileReference; lastKnownFileType = text.plist.strings; name = ru; path = ru.lproj/Localizable.strings; sourceTree = "<group>"; };
		758B0D751C8894990018E85E /* CGFilterModuleAssembly.h */ = {isa = PBXFileReference; fileEncoding = 4; lastKnownFileType = sourcecode.c.h; path = CGFilterModuleAssembly.h; sourceTree = "<group>"; };
		758B0D761C8894990018E85E /* CGFilterModuleAssembly.m */ = {isa = PBXFileReference; fileEncoding = 4; lastKnownFileType = sourcecode.c.objc; path = CGFilterModuleAssembly.m; sourceTree = "<group>"; };
		758B0D781C8894990018E85E /* CGFilterModuleInteractor.h */ = {isa = PBXFileReference; fileEncoding = 4; lastKnownFileType = sourcecode.c.h; path = CGFilterModuleInteractor.h; sourceTree = "<group>"; };
		758B0D791C8894990018E85E /* CGFilterModuleInteractor.m */ = {isa = PBXFileReference; fileEncoding = 4; lastKnownFileType = sourcecode.c.objc; path = CGFilterModuleInteractor.m; sourceTree = "<group>"; };
		758B0D7A1C8894990018E85E /* CGFilterModuleInteractorInput.h */ = {isa = PBXFileReference; fileEncoding = 4; lastKnownFileType = sourcecode.c.h; path = CGFilterModuleInteractorInput.h; sourceTree = "<group>"; };
		758B0D7B1C8894990018E85E /* CGFilterModuleInteractorOutput.h */ = {isa = PBXFileReference; fileEncoding = 4; lastKnownFileType = sourcecode.c.h; path = CGFilterModuleInteractorOutput.h; sourceTree = "<group>"; };
		758B0D7D1C8894990018E85E /* CGFilterModuleModuleInput.h */ = {isa = PBXFileReference; fileEncoding = 4; lastKnownFileType = sourcecode.c.h; path = CGFilterModuleModuleInput.h; sourceTree = "<group>"; };
		758B0D7E1C8894990018E85E /* CGFilterModulePresenter.h */ = {isa = PBXFileReference; fileEncoding = 4; lastKnownFileType = sourcecode.c.h; path = CGFilterModulePresenter.h; sourceTree = "<group>"; };
		758B0D7F1C8894990018E85E /* CGFilterModulePresenter.m */ = {isa = PBXFileReference; fileEncoding = 4; lastKnownFileType = sourcecode.c.objc; path = CGFilterModulePresenter.m; sourceTree = "<group>"; };
		758B0D811C8894990018E85E /* CGFilterModuleRouter.h */ = {isa = PBXFileReference; fileEncoding = 4; lastKnownFileType = sourcecode.c.h; path = CGFilterModuleRouter.h; sourceTree = "<group>"; };
		758B0D821C8894990018E85E /* CGFilterModuleRouter.m */ = {isa = PBXFileReference; fileEncoding = 4; lastKnownFileType = sourcecode.c.objc; path = CGFilterModuleRouter.m; sourceTree = "<group>"; };
		758B0D831C8894990018E85E /* CGFilterModuleRouterInput.h */ = {isa = PBXFileReference; fileEncoding = 4; lastKnownFileType = sourcecode.c.h; path = CGFilterModuleRouterInput.h; sourceTree = "<group>"; };
		758B0D851C8894990018E85E /* CGFilterModuleViewController.h */ = {isa = PBXFileReference; fileEncoding = 4; lastKnownFileType = sourcecode.c.h; path = CGFilterModuleViewController.h; sourceTree = "<group>"; };
		758B0D861C8894990018E85E /* CGFilterModuleViewController.m */ = {isa = PBXFileReference; fileEncoding = 4; lastKnownFileType = sourcecode.c.objc; path = CGFilterModuleViewController.m; sourceTree = "<group>"; };
		758B0D871C8894990018E85E /* CGFilterModuleViewInput.h */ = {isa = PBXFileReference; fileEncoding = 4; lastKnownFileType = sourcecode.c.h; path = CGFilterModuleViewInput.h; sourceTree = "<group>"; };
		758B0D881C8894990018E85E /* CGFilterModuleViewOutput.h */ = {isa = PBXFileReference; fileEncoding = 4; lastKnownFileType = sourcecode.c.h; path = CGFilterModuleViewOutput.h; sourceTree = "<group>"; };
		758B0D901C8B80000018E85E /* SortingView.h */ = {isa = PBXFileReference; fileEncoding = 4; lastKnownFileType = sourcecode.c.h; path = SortingView.h; sourceTree = "<group>"; };
		758B0D911C8B80000018E85E /* SortingView.m */ = {isa = PBXFileReference; fileEncoding = 4; lastKnownFileType = sourcecode.c.objc; path = SortingView.m; sourceTree = "<group>"; };
		758B0D931C8B824D0018E85E /* SortingView.xib */ = {isa = PBXFileReference; fileEncoding = 4; lastKnownFileType = file.xib; path = SortingView.xib; sourceTree = "<group>"; };
		7591F2561D00CE2300835276 /* CurTableViewCell.h */ = {isa = PBXFileReference; fileEncoding = 4; lastKnownFileType = sourcecode.c.h; name = CurTableViewCell.h; path = ConfigurationSections/Cells/CurTableViewCell.h; sourceTree = "<group>"; };
		7591F2571D00CE2300835276 /* CurTableViewCell.m */ = {isa = PBXFileReference; fileEncoding = 4; lastKnownFileType = sourcecode.c.objc; name = CurTableViewCell.m; path = ConfigurationSections/Cells/CurTableViewCell.m; sourceTree = "<group>"; };
		7591F2591D023DD400835276 /* VolTableViewCell.h */ = {isa = PBXFileReference; fileEncoding = 4; lastKnownFileType = sourcecode.c.h; name = VolTableViewCell.h; path = ConfigurationSections/Cells/VolTableViewCell.h; sourceTree = "<group>"; };
		7591F25A1D023DD400835276 /* VolTableViewCell.m */ = {isa = PBXFileReference; fileEncoding = 4; lastKnownFileType = sourcecode.c.objc; name = VolTableViewCell.m; path = ConfigurationSections/Cells/VolTableViewCell.m; sourceTree = "<group>"; };
		7591F25C1D023DF200835276 /* WeightTableViewCell.h */ = {isa = PBXFileReference; fileEncoding = 4; lastKnownFileType = sourcecode.c.h; name = WeightTableViewCell.h; path = ConfigurationSections/Cells/WeightTableViewCell.h; sourceTree = "<group>"; };
		7591F25D1D023DF200835276 /* WeightTableViewCell.m */ = {isa = PBXFileReference; fileEncoding = 4; lastKnownFileType = sourcecode.c.objc; name = WeightTableViewCell.m; path = ConfigurationSections/Cells/WeightTableViewCell.m; sourceTree = "<group>"; };
		7591F25F1D023E4F00835276 /* BaseTableViewCell.h */ = {isa = PBXFileReference; fileEncoding = 4; lastKnownFileType = sourcecode.c.h; name = BaseTableViewCell.h; path = ConfigurationSections/Cells/BaseTableViewCell.h; sourceTree = "<group>"; };
		7591F2601D023E4F00835276 /* BaseTableViewCell.m */ = {isa = PBXFileReference; fileEncoding = 4; lastKnownFileType = sourcecode.c.objc; name = BaseTableViewCell.m; path = ConfigurationSections/Cells/BaseTableViewCell.m; sourceTree = "<group>"; };
		7591F2621D049A0000835276 /* ConfigFormat+NSString.h */ = {isa = PBXFileReference; fileEncoding = 4; lastKnownFileType = sourcecode.c.h; name = "ConfigFormat+NSString.h"; path = "Category/ConfigFormat+NSString.h"; sourceTree = "<group>"; };
		7591F2631D049A0000835276 /* ConfigFormat+NSString.m */ = {isa = PBXFileReference; fileEncoding = 4; lastKnownFileType = sourcecode.c.objc; name = "ConfigFormat+NSString.m"; path = "Category/ConfigFormat+NSString.m"; sourceTree = "<group>"; };
		7591F2661D05876B00835276 /* ReturnConnectionViewController.h */ = {isa = PBXFileReference; fileEncoding = 4; lastKnownFileType = sourcecode.c.h; name = ReturnConnectionViewController.h; path = InfoSections/ReturnConnectionViewController.h; sourceTree = "<group>"; };
		7591F2671D05876B00835276 /* ReturnConnectionViewController.m */ = {isa = PBXFileReference; fileEncoding = 4; lastKnownFileType = sourcecode.c.objc; name = ReturnConnectionViewController.m; path = InfoSections/ReturnConnectionViewController.m; sourceTree = "<group>"; };
		7591F2691D059B4400835276 /* AboutUsViewController.h */ = {isa = PBXFileReference; fileEncoding = 4; lastKnownFileType = sourcecode.c.h; name = AboutUsViewController.h; path = InfoSections/AboutUsViewController.h; sourceTree = "<group>"; };
		7591F26A1D059B4400835276 /* AboutUsViewController.m */ = {isa = PBXFileReference; fileEncoding = 4; lastKnownFileType = sourcecode.c.objc; name = AboutUsViewController.m; path = InfoSections/AboutUsViewController.m; sourceTree = "<group>"; };
		7591F2731D0C24ED00835276 /* MMExampleDrawerVisualStateManager.h */ = {isa = PBXFileReference; fileEncoding = 4; lastKnownFileType = sourcecode.c.h; path = MMExampleDrawerVisualStateManager.h; sourceTree = "<group>"; };
		7591F2741D0C24ED00835276 /* MMExampleDrawerVisualStateManager.m */ = {isa = PBXFileReference; fileEncoding = 4; lastKnownFileType = sourcecode.c.objc; path = MMExampleDrawerVisualStateManager.m; sourceTree = "<group>"; };
		75CF6A541D2C4DF2000CE1D7 /* DimensionalTranslation+NSString.h */ = {isa = PBXFileReference; fileEncoding = 4; lastKnownFileType = sourcecode.c.h; name = "DimensionalTranslation+NSString.h"; path = "Category/DimensionalTranslation+NSString.h"; sourceTree = "<group>"; };
		75CF6A551D2C4DF2000CE1D7 /* DimensionalTranslation+NSString.m */ = {isa = PBXFileReference; fileEncoding = 4; lastKnownFileType = sourcecode.c.objc; name = "DimensionalTranslation+NSString.m"; path = "Category/DimensionalTranslation+NSString.m"; sourceTree = "<group>"; };
		75F64ACC1C7DB1E50019F61C /* CargoGuru.app */ = {isa = PBXFileReference; explicitFileType = wrapper.application; includeInIndex = 0; path = CargoGuru.app; sourceTree = BUILT_PRODUCTS_DIR; };
		75F64AD01C7DB1E50019F61C /* main.m */ = {isa = PBXFileReference; lastKnownFileType = sourcecode.c.objc; path = main.m; sourceTree = "<group>"; };
		75F64AD21C7DB1E50019F61C /* AppDelegate.h */ = {isa = PBXFileReference; lastKnownFileType = sourcecode.c.h; path = AppDelegate.h; sourceTree = "<group>"; };
		75F64AD31C7DB1E50019F61C /* AppDelegate.m */ = {isa = PBXFileReference; lastKnownFileType = sourcecode.c.objc; path = AppDelegate.m; sourceTree = "<group>"; };
		75F64AD51C7DB1E50019F61C /* ViewController.h */ = {isa = PBXFileReference; lastKnownFileType = sourcecode.c.h; path = ViewController.h; sourceTree = "<group>"; };
		75F64AD61C7DB1E50019F61C /* ViewController.m */ = {isa = PBXFileReference; lastKnownFileType = sourcecode.c.objc; path = ViewController.m; sourceTree = "<group>"; };
		75F64AD91C7DB1E50019F61C /* Base */ = {isa = PBXFileReference; lastKnownFileType = file.storyboard; name = Base; path = Base.lproj/Main.storyboard; sourceTree = "<group>"; };
		75F64ADC1C7DB1E50019F61C /* CargoGuroViper.xcdatamodel */ = {isa = PBXFileReference; lastKnownFileType = wrapper.xcdatamodel; path = CargoGuroViper.xcdatamodel; sourceTree = "<group>"; };
		75F64ADE1C7DB1E50019F61C /* Assets.xcassets */ = {isa = PBXFileReference; lastKnownFileType = folder.assetcatalog; path = Assets.xcassets; sourceTree = "<group>"; };
		75F64AE11C7DB1E50019F61C /* Base */ = {isa = PBXFileReference; lastKnownFileType = file.storyboard; name = Base; path = Base.lproj/LaunchScreen.storyboard; sourceTree = "<group>"; };
		75F64AE31C7DB1E50019F61C /* Info.plist */ = {isa = PBXFileReference; lastKnownFileType = text.plist.xml; path = Info.plist; sourceTree = "<group>"; };
		75F64AE91C7E1C360019F61C /* libRamblerTyphoonUtils.a */ = {isa = PBXFileReference; lastKnownFileType = archive.ar; name = libRamblerTyphoonUtils.a; path = "Pods/../build/Debug-iphoneos/libRamblerTyphoonUtils.a"; sourceTree = "<group>"; };
		75F64AEA1C7E1C360019F61C /* libTyphoon.a */ = {isa = PBXFileReference; lastKnownFileType = archive.ar; name = libTyphoon.a; path = "Pods/../build/Debug-iphoneos/libTyphoon.a"; sourceTree = "<group>"; };
		75F64B0A1C7E66F80019F61C /* CGResultCalculateModuleAssembly.h */ = {isa = PBXFileReference; fileEncoding = 4; lastKnownFileType = sourcecode.c.h; path = CGResultCalculateModuleAssembly.h; sourceTree = "<group>"; };
		75F64B0B1C7E66F80019F61C /* CGResultCalculateModuleAssembly.m */ = {isa = PBXFileReference; fileEncoding = 4; lastKnownFileType = sourcecode.c.objc; path = CGResultCalculateModuleAssembly.m; sourceTree = "<group>"; };
		75F64B0D1C7E66F80019F61C /* CGResultCalculateModuleInteractor.h */ = {isa = PBXFileReference; fileEncoding = 4; lastKnownFileType = sourcecode.c.h; path = CGResultCalculateModuleInteractor.h; sourceTree = "<group>"; };
		75F64B0E1C7E66F80019F61C /* CGResultCalculateModuleInteractor.m */ = {isa = PBXFileReference; fileEncoding = 4; lastKnownFileType = sourcecode.c.objc; path = CGResultCalculateModuleInteractor.m; sourceTree = "<group>"; };
		75F64B0F1C7E66F80019F61C /* CGResultCalculateModuleInteractorInput.h */ = {isa = PBXFileReference; fileEncoding = 4; lastKnownFileType = sourcecode.c.h; path = CGResultCalculateModuleInteractorInput.h; sourceTree = "<group>"; };
		75F64B101C7E66F80019F61C /* CGResultCalculateModuleInteractorOutput.h */ = {isa = PBXFileReference; fileEncoding = 4; lastKnownFileType = sourcecode.c.h; path = CGResultCalculateModuleInteractorOutput.h; sourceTree = "<group>"; };
		75F64B121C7E66F80019F61C /* CGResultCalculateModuleModuleInput.h */ = {isa = PBXFileReference; fileEncoding = 4; lastKnownFileType = sourcecode.c.h; path = CGResultCalculateModuleModuleInput.h; sourceTree = "<group>"; };
		75F64B131C7E66F80019F61C /* CGResultCalculateModulePresenter.h */ = {isa = PBXFileReference; fileEncoding = 4; lastKnownFileType = sourcecode.c.h; path = CGResultCalculateModulePresenter.h; sourceTree = "<group>"; };
		75F64B141C7E66F80019F61C /* CGResultCalculateModulePresenter.m */ = {isa = PBXFileReference; fileEncoding = 4; lastKnownFileType = sourcecode.c.objc; path = CGResultCalculateModulePresenter.m; sourceTree = "<group>"; };
		75F64B161C7E66F80019F61C /* CGResultCalculateModuleRouter.h */ = {isa = PBXFileReference; fileEncoding = 4; lastKnownFileType = sourcecode.c.h; path = CGResultCalculateModuleRouter.h; sourceTree = "<group>"; };
		75F64B171C7E66F80019F61C /* CGResultCalculateModuleRouter.m */ = {isa = PBXFileReference; fileEncoding = 4; lastKnownFileType = sourcecode.c.objc; path = CGResultCalculateModuleRouter.m; sourceTree = "<group>"; };
		75F64B181C7E66F80019F61C /* CGResultCalculateModuleRouterInput.h */ = {isa = PBXFileReference; fileEncoding = 4; lastKnownFileType = sourcecode.c.h; path = CGResultCalculateModuleRouterInput.h; sourceTree = "<group>"; };
		75F64B1A1C7E66F80019F61C /* CGResultCalculateModuleViewController.h */ = {isa = PBXFileReference; fileEncoding = 4; lastKnownFileType = sourcecode.c.h; path = CGResultCalculateModuleViewController.h; sourceTree = "<group>"; };
		75F64B1B1C7E66F80019F61C /* CGResultCalculateModuleViewController.m */ = {isa = PBXFileReference; fileEncoding = 4; lastKnownFileType = sourcecode.c.objc; path = CGResultCalculateModuleViewController.m; sourceTree = "<group>"; };
		75F64B1C1C7E66F80019F61C /* CGResultCalculateModuleViewInput.h */ = {isa = PBXFileReference; fileEncoding = 4; lastKnownFileType = sourcecode.c.h; path = CGResultCalculateModuleViewInput.h; sourceTree = "<group>"; };
		75F64B1D1C7E66F80019F61C /* CGResultCalculateModuleViewOutput.h */ = {isa = PBXFileReference; fileEncoding = 4; lastKnownFileType = sourcecode.c.h; path = CGResultCalculateModuleViewOutput.h; sourceTree = "<group>"; };
		75F64B2D1C8055BF0019F61C /* HTTPClient.h */ = {isa = PBXFileReference; fileEncoding = 4; lastKnownFileType = sourcecode.c.h; name = HTTPClient.h; path = LibraryAPI/HTTPClient.h; sourceTree = "<group>"; };
		75F64B2E1C8055BF0019F61C /* HTTPClient.m */ = {isa = PBXFileReference; fileEncoding = 4; lastKnownFileType = sourcecode.c.objc; name = HTTPClient.m; path = LibraryAPI/HTTPClient.m; sourceTree = "<group>"; };
		75F64B2F1C8055BF0019F61C /* JSONResponseSerializerWithData.h */ = {isa = PBXFileReference; fileEncoding = 4; lastKnownFileType = sourcecode.c.h; name = JSONResponseSerializerWithData.h; path = LibraryAPI/JSONResponseSerializerWithData.h; sourceTree = "<group>"; };
		75F64B301C8055BF0019F61C /* JSONResponseSerializerWithData.m */ = {isa = PBXFileReference; fileEncoding = 4; lastKnownFileType = sourcecode.c.objc; name = JSONResponseSerializerWithData.m; path = LibraryAPI/JSONResponseSerializerWithData.m; sourceTree = "<group>"; };
		75F64B361C809F540019F61C /* ResultTableViewCell.h */ = {isa = PBXFileReference; fileEncoding = 4; lastKnownFileType = sourcecode.c.h; name = ResultTableViewCell.h; path = Cells/ResultTableViewCell.h; sourceTree = "<group>"; };
		75F64B371C809F540019F61C /* ResultTableViewCell.m */ = {isa = PBXFileReference; fileEncoding = 4; lastKnownFileType = sourcecode.c.objc; name = ResultTableViewCell.m; path = Cells/ResultTableViewCell.m; sourceTree = "<group>"; };
		75F64B381C809F540019F61C /* ResultTableViewCell.xib */ = {isa = PBXFileReference; fileEncoding = 4; lastKnownFileType = file.xib; name = ResultTableViewCell.xib; path = Cells/ResultTableViewCell.xib; sourceTree = "<group>"; };
		88FFEEF0B14DEF6ECDD9D5B0 /* Pods-CargoGuruViper.release.xcconfig */ = {isa = PBXFileReference; includeInIndex = 1; lastKnownFileType = text.xcconfig; name = "Pods-CargoGuruViper.release.xcconfig"; path = "Pods/Target Support Files/Pods-CargoGuruViper/Pods-CargoGuruViper.release.xcconfig"; sourceTree = "<group>"; };
/* End PBXFileReference section */

/* Begin PBXFrameworksBuildPhase section */
		75F64AC91C7DB1E50019F61C /* Frameworks */ = {
			isa = PBXFrameworksBuildPhase;
			buildActionMask = 2147483647;
			files = (
				75F64AEB1C7E1C360019F61C /* libRamblerTyphoonUtils.a in Frameworks */,
				75F64AEC1C7E1C360019F61C /* libTyphoon.a in Frameworks */,
				BB10D36160EB4015EB2D23F0 /* libPods-CargoGuruViper.a in Frameworks */,
			);
			runOnlyForDeploymentPostprocessing = 0;
		};
/* End PBXFrameworksBuildPhase section */

/* Begin PBXGroup section */
		2C190506C2473BFE8DF07EA6 /* Frameworks */ = {
			isa = PBXGroup;
			children = (
				75F64AE91C7E1C360019F61C /* libRamblerTyphoonUtils.a */,
				75F64AEA1C7E1C360019F61C /* libTyphoon.a */,
				42F7C2E2661103670FD6145A /* libPods-CargoGuruViper.a */,
			);
			name = Frameworks;
			sourceTree = "<group>";
		};
		63152DD61C7DE7D800AE47ED /* CalculateModule */ = {
			isa = PBXGroup;
			children = (
				63152DDB1C7DE84000AE47ED /* View */,
				63152DDA1C7DE83A00AE47ED /* Router */,
				63152DD91C7DE83000AE47ED /* Presenter */,
				63152DD81C7DE82300AE47ED /* Interactor */,
				63152DD71C7DE80500AE47ED /* Assembly */,
			);
			name = CalculateModule;
			sourceTree = "<group>";
		};
		63152DD71C7DE80500AE47ED /* Assembly */ = {
			isa = PBXGroup;
			children = (
				63152DDC1C7DE85B00AE47ED /* CGCalculateModuleAssembly.h */,
				63152DDD1C7DE85B00AE47ED /* CGCalculateModuleAssembly.m */,
			);
			name = Assembly;
			sourceTree = "<group>";
		};
		63152DD81C7DE82300AE47ED /* Interactor */ = {
			isa = PBXGroup;
			children = (
				63152DDF1C7DE86700AE47ED /* CGCalculateModuleInteractor.h */,
				63152DE01C7DE86700AE47ED /* CGCalculateModuleInteractor.m */,
				63152DE11C7DE86700AE47ED /* CGCalculateModuleInteractorInput.h */,
				63152DE21C7DE86700AE47ED /* CGCalculateModuleInteractorOutput.h */,
			);
			name = Interactor;
			sourceTree = "<group>";
		};
		63152DD91C7DE83000AE47ED /* Presenter */ = {
			isa = PBXGroup;
			children = (
				63152DE41C7DE86F00AE47ED /* CGCalculateModuleModuleInput.h */,
				63152DE51C7DE86F00AE47ED /* CGCalculateModulePresenter.h */,
				63152DE61C7DE86F00AE47ED /* CGCalculateModulePresenter.m */,
			);
			name = Presenter;
			sourceTree = "<group>";
		};
		63152DDA1C7DE83A00AE47ED /* Router */ = {
			isa = PBXGroup;
			children = (
				63152DE81C7DE87600AE47ED /* CGCalculateModuleRouter.h */,
				63152DE91C7DE87600AE47ED /* CGCalculateModuleRouter.m */,
				63152DEA1C7DE87600AE47ED /* CGCalculateModuleRouterInput.h */,
			);
			name = Router;
			sourceTree = "<group>";
		};
		63152DDB1C7DE84000AE47ED /* View */ = {
			isa = PBXGroup;
			children = (
				63152DEC1C7DE88200AE47ED /* CGCalculateModuleViewController.h */,
				63152DED1C7DE88200AE47ED /* CGCalculateModuleViewController.m */,
				63152DEE1C7DE88200AE47ED /* CGCalculateModuleViewInput.h */,
				63152DEF1C7DE88200AE47ED /* CGCalculateModuleViewOutput.h */,
				63915AFD1D1068CE00AE102D /* VolumeCalculateView.h */,
				63915AFE1D1068CE00AE102D /* VolumeCalculateView.m */,
				63915B001D1068E400AE102D /* VolumeCalculateView.xib */,
				63B539891D2D50AF0061CA39 /* CustomView.h */,
				63B5398A1D2D50AF0061CA39 /* CustomView.m */,
			);
			name = View;
			sourceTree = "<group>";
		};
		63915AF61D103EE900AE102D /* Models */ = {
			isa = PBXGroup;
			children = (
				63915AF71D103FEB00AE102D /* TransportServices.h */,
				63915AF81D103FEB00AE102D /* TransportServices.m */,
				63915AFA1D10401F00AE102D /* City.h */,
				63915AFB1D10401F00AE102D /* City.m */,
			);
			name = Models;
			sourceTree = "<group>";
		};
		63D956F41CFDF0C400138774 /* LeftMenu */ = {
			isa = PBXGroup;
			children = (
				63D956EE1CFDF0BB00138774 /* RevealTableViewCell.h */,
				63D956EF1CFDF0BB00138774 /* RevealTableViewCell.m */,
				63D956F01CFDF0BB00138774 /* LeftTableViewController.h */,
				63D956F11CFDF0BB00138774 /* LeftTableViewController.m */,
			);
			name = LeftMenu;
			sourceTree = "<group>";
		};
		63D956F51CFEFC5C00138774 /* Category */ = {
			isa = PBXGroup;
			children = (
				7591F2621D049A0000835276 /* ConfigFormat+NSString.h */,
				7591F2631D049A0000835276 /* ConfigFormat+NSString.m */,
				75CF6A541D2C4DF2000CE1D7 /* DimensionalTranslation+NSString.h */,
				75CF6A551D2C4DF2000CE1D7 /* DimensionalTranslation+NSString.m */,
				63B539861D2D47450061CA39 /* Touching+UIView.h */,
				63B539871D2D47450061CA39 /* Touching+UIView.m */,
			);
			name = Category;
			sourceTree = "<group>";
		};
		63D956FC1CFF38B500138774 /* ConfigurationSections */ = {
			isa = PBXGroup;
			children = (
				63D9570C1D00658100138774 /* Cells */,
				63D956FD1CFF392100138774 /* BaseConfigurationViewController.h */,
				63D956FE1CFF392100138774 /* BaseConfigurationViewController.m */,
				63D957001CFF395000138774 /* LanguageViewController.h */,
				63D957011CFF395000138774 /* LanguageViewController.m */,
				63D957031CFF396800138774 /* CurrencyViewController.h */,
				63D957041CFF396800138774 /* CurrencyViewController.m */,
				63D957091CFF3A9B00138774 /* WeightViewController.h */,
				63D9570A1CFF3A9B00138774 /* WeightViewController.m */,
				63D957061CFF397F00138774 /* VolumeViewController.h */,
				63D957071CFF397F00138774 /* VolumeViewController.m */,
			);
			name = ConfigurationSections;
			sourceTree = "<group>";
		};
		63D9570C1D00658100138774 /* Cells */ = {
			isa = PBXGroup;
			children = (
				63D9570D1D0065AE00138774 /* LanTableViewCell.h */,
				63D9570E1D0065AE00138774 /* LanTableViewCell.m */,
				7591F2561D00CE2300835276 /* CurTableViewCell.h */,
				7591F2571D00CE2300835276 /* CurTableViewCell.m */,
				7591F2591D023DD400835276 /* VolTableViewCell.h */,
				7591F25A1D023DD400835276 /* VolTableViewCell.m */,
				7591F25C1D023DF200835276 /* WeightTableViewCell.h */,
				7591F25D1D023DF200835276 /* WeightTableViewCell.m */,
				7591F25F1D023E4F00835276 /* BaseTableViewCell.h */,
				7591F2601D023E4F00835276 /* BaseTableViewCell.m */,
			);
			name = Cells;
			sourceTree = "<group>";
		};
		758B0D731C8894990018E85E /* FilterModule */ = {
			isa = PBXGroup;
			children = (
				758B0D741C8894990018E85E /* Assembly */,
				758B0D771C8894990018E85E /* Interactor */,
				758B0D7C1C8894990018E85E /* Presenter */,
				758B0D801C8894990018E85E /* Router */,
				758B0D841C8894990018E85E /* View */,
			);
			path = FilterModule;
			sourceTree = "<group>";
		};
		758B0D741C8894990018E85E /* Assembly */ = {
			isa = PBXGroup;
			children = (
				758B0D751C8894990018E85E /* CGFilterModuleAssembly.h */,
				758B0D761C8894990018E85E /* CGFilterModuleAssembly.m */,
			);
			path = Assembly;
			sourceTree = "<group>";
		};
		758B0D771C8894990018E85E /* Interactor */ = {
			isa = PBXGroup;
			children = (
				758B0D781C8894990018E85E /* CGFilterModuleInteractor.h */,
				758B0D791C8894990018E85E /* CGFilterModuleInteractor.m */,
				758B0D7A1C8894990018E85E /* CGFilterModuleInteractorInput.h */,
				758B0D7B1C8894990018E85E /* CGFilterModuleInteractorOutput.h */,
			);
			path = Interactor;
			sourceTree = "<group>";
		};
		758B0D7C1C8894990018E85E /* Presenter */ = {
			isa = PBXGroup;
			children = (
				758B0D7D1C8894990018E85E /* CGFilterModuleModuleInput.h */,
				758B0D7E1C8894990018E85E /* CGFilterModulePresenter.h */,
				758B0D7F1C8894990018E85E /* CGFilterModulePresenter.m */,
			);
			path = Presenter;
			sourceTree = "<group>";
		};
		758B0D801C8894990018E85E /* Router */ = {
			isa = PBXGroup;
			children = (
				758B0D811C8894990018E85E /* CGFilterModuleRouter.h */,
				758B0D821C8894990018E85E /* CGFilterModuleRouter.m */,
				758B0D831C8894990018E85E /* CGFilterModuleRouterInput.h */,
			);
			path = Router;
			sourceTree = "<group>";
		};
		758B0D841C8894990018E85E /* View */ = {
			isa = PBXGroup;
			children = (
				758B0D851C8894990018E85E /* CGFilterModuleViewController.h */,
				758B0D861C8894990018E85E /* CGFilterModuleViewController.m */,
				758B0D871C8894990018E85E /* CGFilterModuleViewInput.h */,
				758B0D881C8894990018E85E /* CGFilterModuleViewOutput.h */,
			);
			path = View;
			sourceTree = "<group>";
		};
		7591F2651D0581EF00835276 /* InfoSections */ = {
			isa = PBXGroup;
			children = (
				7591F2661D05876B00835276 /* ReturnConnectionViewController.h */,
				7591F2671D05876B00835276 /* ReturnConnectionViewController.m */,
				7591F2691D059B4400835276 /* AboutUsViewController.h */,
				7591F26A1D059B4400835276 /* AboutUsViewController.m */,
			);
			name = InfoSections;
			sourceTree = "<group>";
		};
		7591F2721D0C24E000835276 /* VisualStateManager */ = {
			isa = PBXGroup;
			children = (
				7591F2731D0C24ED00835276 /* MMExampleDrawerVisualStateManager.h */,
				7591F2741D0C24ED00835276 /* MMExampleDrawerVisualStateManager.m */,
			);
			name = VisualStateManager;
			sourceTree = "<group>";
		};
		75F64AC31C7DB1E50019F61C = {
			isa = PBXGroup;
			children = (
				75F64ACE1C7DB1E50019F61C /* CargoGuroViper */,
				75F64ACD1C7DB1E50019F61C /* Products */,
				2C190506C2473BFE8DF07EA6 /* Frameworks */,
				E65292A4394B246BEBABF135 /* Pods */,
			);
			sourceTree = "<group>";
		};
		75F64ACD1C7DB1E50019F61C /* Products */ = {
			isa = PBXGroup;
			children = (
				75F64ACC1C7DB1E50019F61C /* CargoGuru.app */,
			);
			name = Products;
			sourceTree = "<group>";
		};
		75F64ACE1C7DB1E50019F61C /* CargoGuroViper */ = {
			isa = PBXGroup;
			children = (
				7591F2721D0C24E000835276 /* VisualStateManager */,
				7591F2651D0581EF00835276 /* InfoSections */,
				63D956FC1CFF38B500138774 /* ConfigurationSections */,
				63D956F51CFEFC5C00138774 /* Category */,
				63D956F41CFDF0C400138774 /* LeftMenu */,
				75F64B231C7FC0D60019F61C /* LibraryAPI */,
				758B0D731C8894990018E85E /* FilterModule */,
				75F64B081C7E66F80019F61C /* ResultCalculateModule */,
				63152DD61C7DE7D800AE47ED /* CalculateModule */,
				75F64AD21C7DB1E50019F61C /* AppDelegate.h */,
				75F64AD31C7DB1E50019F61C /* AppDelegate.m */,
				75F64AD51C7DB1E50019F61C /* ViewController.h */,
				75F64AD61C7DB1E50019F61C /* ViewController.m */,
				75F64ADE1C7DB1E50019F61C /* Assets.xcassets */,
				75F64AE31C7DB1E50019F61C /* Info.plist */,
				75F64ADB1C7DB1E50019F61C /* CargoGuroViper.xcdatamodeld */,
				75F64ACF1C7DB1E50019F61C /* Supporting Files */,
				756CD7AB1C96FC450019A22C /* Localizable.strings */,
				75F64AE01C7DB1E50019F61C /* LaunchScreen.storyboard */,
				75F64AD81C7DB1E50019F61C /* Main.storyboard */,
				63D956F61CFF34FB00138774 /* Configuration.storyboard */,
				63D956F91CFF351C00138774 /* Info.storyboard */,
			);
			path = CargoGuroViper;
			sourceTree = "<group>";
		};
		75F64ACF1C7DB1E50019F61C /* Supporting Files */ = {
			isa = PBXGroup;
			children = (
				75F64AD01C7DB1E50019F61C /* main.m */,
				63915ABA1D06FB3A00AE102D /* PrefixHeader.pch */,
				63915ABB1D082D4200AE102D /* LocalizeHelper.h */,
				63915ABC1D082D4200AE102D /* LocalizeHelper.m */,
			);
			name = "Supporting Files";
			sourceTree = "<group>";
		};
		75F64B081C7E66F80019F61C /* ResultCalculateModule */ = {
			isa = PBXGroup;
			children = (
				75F64B091C7E66F80019F61C /* Assembly */,
				75F64B0C1C7E66F80019F61C /* Interactor */,
				75F64B111C7E66F80019F61C /* Presenter */,
				75F64B151C7E66F80019F61C /* Router */,
				75F64B191C7E66F80019F61C /* View */,
			);
			path = ResultCalculateModule;
			sourceTree = "<group>";
		};
		75F64B091C7E66F80019F61C /* Assembly */ = {
			isa = PBXGroup;
			children = (
				75F64B0A1C7E66F80019F61C /* CGResultCalculateModuleAssembly.h */,
				75F64B0B1C7E66F80019F61C /* CGResultCalculateModuleAssembly.m */,
			);
			path = Assembly;
			sourceTree = "<group>";
		};
		75F64B0C1C7E66F80019F61C /* Interactor */ = {
			isa = PBXGroup;
			children = (
				75F64B0D1C7E66F80019F61C /* CGResultCalculateModuleInteractor.h */,
				75F64B0E1C7E66F80019F61C /* CGResultCalculateModuleInteractor.m */,
				75F64B0F1C7E66F80019F61C /* CGResultCalculateModuleInteractorInput.h */,
				75F64B101C7E66F80019F61C /* CGResultCalculateModuleInteractorOutput.h */,
			);
			path = Interactor;
			sourceTree = "<group>";
		};
		75F64B111C7E66F80019F61C /* Presenter */ = {
			isa = PBXGroup;
			children = (
				75F64B121C7E66F80019F61C /* CGResultCalculateModuleModuleInput.h */,
				75F64B131C7E66F80019F61C /* CGResultCalculateModulePresenter.h */,
				75F64B141C7E66F80019F61C /* CGResultCalculateModulePresenter.m */,
			);
			path = Presenter;
			sourceTree = "<group>";
		};
		75F64B151C7E66F80019F61C /* Router */ = {
			isa = PBXGroup;
			children = (
				75F64B161C7E66F80019F61C /* CGResultCalculateModuleRouter.h */,
				75F64B171C7E66F80019F61C /* CGResultCalculateModuleRouter.m */,
				75F64B181C7E66F80019F61C /* CGResultCalculateModuleRouterInput.h */,
			);
			path = Router;
			sourceTree = "<group>";
		};
		75F64B191C7E66F80019F61C /* View */ = {
			isa = PBXGroup;
			children = (
				75F64B1A1C7E66F80019F61C /* CGResultCalculateModuleViewController.h */,
				75F64B1B1C7E66F80019F61C /* CGResultCalculateModuleViewController.m */,
				75F64B1C1C7E66F80019F61C /* CGResultCalculateModuleViewInput.h */,
				75F64B1D1C7E66F80019F61C /* CGResultCalculateModuleViewOutput.h */,
				75F64B3B1C809F630019F61C /* Cells */,
				758B0D901C8B80000018E85E /* SortingView.h */,
				758B0D911C8B80000018E85E /* SortingView.m */,
				758B0D931C8B824D0018E85E /* SortingView.xib */,
			);
			path = View;
			sourceTree = "<group>";
		};
		75F64B231C7FC0D60019F61C /* LibraryAPI */ = {
			isa = PBXGroup;
			children = (
				63915AF61D103EE900AE102D /* Models */,
				75F64B2D1C8055BF0019F61C /* HTTPClient.h */,
				75F64B2E1C8055BF0019F61C /* HTTPClient.m */,
				75F64B2F1C8055BF0019F61C /* JSONResponseSerializerWithData.h */,
				75F64B301C8055BF0019F61C /* JSONResponseSerializerWithData.m */,
			);
			name = LibraryAPI;
			sourceTree = "<group>";
		};
		75F64B3B1C809F630019F61C /* Cells */ = {
			isa = PBXGroup;
			children = (
				75F64B361C809F540019F61C /* ResultTableViewCell.h */,
				75F64B371C809F540019F61C /* ResultTableViewCell.m */,
				75F64B381C809F540019F61C /* ResultTableViewCell.xib */,
			);
			name = Cells;
			sourceTree = "<group>";
		};
		E65292A4394B246BEBABF135 /* Pods */ = {
			isa = PBXGroup;
			children = (
				04AAC9AD351B42392ABA5073 /* Pods-CargoGuruViper.debug.xcconfig */,
				88FFEEF0B14DEF6ECDD9D5B0 /* Pods-CargoGuruViper.release.xcconfig */,
			);
			name = Pods;
			sourceTree = "<group>";
		};
/* End PBXGroup section */

/* Begin PBXNativeTarget section */
		75F64ACB1C7DB1E50019F61C /* CargoGuruViper */ = {
			isa = PBXNativeTarget;
			buildConfigurationList = 75F64AE61C7DB1E50019F61C /* Build configuration list for PBXNativeTarget "CargoGuruViper" */;
			buildPhases = (
				6BB3AD6FAC7054AB6165ED41 /* 📦 Check Pods Manifest.lock */,
				5B7BE68459D78A76649EA544 /* [CP] Check Pods Manifest.lock */,
				75F64AC81C7DB1E50019F61C /* Sources */,
				75F64AC91C7DB1E50019F61C /* Frameworks */,
				75F64ACA1C7DB1E50019F61C /* Resources */,
				DB4940213E44C79756C1ADED /* [CP] Embed Pods Frameworks */,
				53F62CE40F39FF487A049D12 /* [CP] Copy Pods Resources */,
				9E8F8C128E7E9AC8A3C0B39E /* 📦 Embed Pods Frameworks */,
				6F6C04FA3C8C339A461A490E /* 📦 Copy Pods Resources */,
			);
			buildRules = (
			);
			dependencies = (
			);
			name = CargoGuruViper;
			productName = CargoGuroViper;
			productReference = 75F64ACC1C7DB1E50019F61C /* CargoGuru.app */;
			productType = "com.apple.product-type.application";
		};
/* End PBXNativeTarget section */

/* Begin PBXProject section */
		75F64AC41C7DB1E50019F61C /* Project object */ = {
			isa = PBXProject;
			attributes = {
				LastUpgradeCheck = 0720;
				ORGANIZATIONNAME = "Виктория";
				TargetAttributes = {
					75F64ACB1C7DB1E50019F61C = {
						CreatedOnToolsVersion = 7.2.1;
						DevelopmentTeam = 56H2EM9AX8;
					};
				};
			};
			buildConfigurationList = 75F64AC71C7DB1E50019F61C /* Build configuration list for PBXProject "CargoGuruViper" */;
			compatibilityVersion = "Xcode 3.2";
			developmentRegion = English;
			hasScannedForEncodings = 0;
			knownRegions = (
				en,
				Base,
				ru,
				de,
				fr,
				"zh-Hans",
			);
			mainGroup = 75F64AC31C7DB1E50019F61C;
			productRefGroup = 75F64ACD1C7DB1E50019F61C /* Products */;
			projectDirPath = "";
			projectRoot = "";
			targets = (
				75F64ACB1C7DB1E50019F61C /* CargoGuruViper */,
			);
		};
/* End PBXProject section */

/* Begin PBXResourcesBuildPhase section */
		75F64ACA1C7DB1E50019F61C /* Resources */ = {
			isa = PBXResourcesBuildPhase;
			buildActionMask = 2147483647;
			files = (
				758B0D941C8B824D0018E85E /* SortingView.xib in Resources */,
				756CD7A91C96FC450019A22C /* Localizable.strings in Resources */,
				63D956FB1CFF351C00138774 /* Info.storyboard in Resources */,
				75F64AE21C7DB1E50019F61C /* LaunchScreen.storyboard in Resources */,
				75F64ADF1C7DB1E50019F61C /* Assets.xcassets in Resources */,
				75F64B3A1C809F540019F61C /* ResultTableViewCell.xib in Resources */,
				63915B011D1068E400AE102D /* VolumeCalculateView.xib in Resources */,
				63D956F81CFF34FB00138774 /* Configuration.storyboard in Resources */,
				75F64ADA1C7DB1E50019F61C /* Main.storyboard in Resources */,
			);
			runOnlyForDeploymentPostprocessing = 0;
		};
/* End PBXResourcesBuildPhase section */

/* Begin PBXShellScriptBuildPhase section */
		53F62CE40F39FF487A049D12 /* [CP] Copy Pods Resources */ = {
			isa = PBXShellScriptBuildPhase;
			buildActionMask = 2147483647;
			files = (
			);
			inputPaths = (
			);
			name = "[CP] Copy Pods Resources";
			outputPaths = (
			);
			runOnlyForDeploymentPostprocessing = 0;
			shellPath = /bin/sh;
			shellScript = "\"${SRCROOT}/Pods/Target Support Files/Pods-CargoGuruViper/Pods-CargoGuruViper-resources.sh\"\n";
			showEnvVarsInLog = 0;
		};
		5B7BE68459D78A76649EA544 /* [CP] Check Pods Manifest.lock */ = {
			isa = PBXShellScriptBuildPhase;
			buildActionMask = 2147483647;
			files = (
			);
			inputPaths = (
			);
			name = "[CP] Check Pods Manifest.lock";
			outputPaths = (
			);
			runOnlyForDeploymentPostprocessing = 0;
			shellPath = /bin/sh;
			shellScript = "diff \"${PODS_ROOT}/../Podfile.lock\" \"${PODS_ROOT}/Manifest.lock\" > /dev/null\nif [[ $? != 0 ]] ; then\n    cat << EOM\nerror: The sandbox is not in sync with the Podfile.lock. Run 'pod install' or update your CocoaPods installation.\nEOM\n    exit 1\nfi\n";
			showEnvVarsInLog = 0;
		};
		6BB3AD6FAC7054AB6165ED41 /* 📦 Check Pods Manifest.lock */ = {
			isa = PBXShellScriptBuildPhase;
			buildActionMask = 2147483647;
			files = (
			);
			inputPaths = (
			);
			name = "📦 Check Pods Manifest.lock";
			outputPaths = (
			);
			runOnlyForDeploymentPostprocessing = 0;
			shellPath = /bin/sh;
			shellScript = "diff \"${PODS_ROOT}/../Podfile.lock\" \"${PODS_ROOT}/Manifest.lock\" > /dev/null\nif [[ $? != 0 ]] ; then\n    cat << EOM\nerror: The sandbox is not in sync with the Podfile.lock. Run 'pod install' or update your CocoaPods installation.\nEOM\n    exit 1\nfi\n";
			showEnvVarsInLog = 0;
		};
		6F6C04FA3C8C339A461A490E /* 📦 Copy Pods Resources */ = {
			isa = PBXShellScriptBuildPhase;
			buildActionMask = 2147483647;
			files = (
			);
			inputPaths = (
			);
			name = "📦 Copy Pods Resources";
			outputPaths = (
			);
			runOnlyForDeploymentPostprocessing = 0;
			shellPath = /bin/sh;
			shellScript = "\"${SRCROOT}/Pods/Target Support Files/Pods-CargoGuruViper/Pods-CargoGuruViper-resources.sh\"\n";
			showEnvVarsInLog = 0;
		};
		9E8F8C128E7E9AC8A3C0B39E /* 📦 Embed Pods Frameworks */ = {
			isa = PBXShellScriptBuildPhase;
			buildActionMask = 2147483647;
			files = (
			);
			inputPaths = (
			);
			name = "📦 Embed Pods Frameworks";
			outputPaths = (
			);
			runOnlyForDeploymentPostprocessing = 0;
			shellPath = /bin/sh;
			shellScript = "\"${SRCROOT}/Pods/Target Support Files/Pods-CargoGuruViper/Pods-CargoGuruViper-frameworks.sh\"\n";
			showEnvVarsInLog = 0;
		};
		DB4940213E44C79756C1ADED /* [CP] Embed Pods Frameworks */ = {
			isa = PBXShellScriptBuildPhase;
			buildActionMask = 2147483647;
			files = (
			);
			inputPaths = (
			);
			name = "[CP] Embed Pods Frameworks";
			outputPaths = (
			);
			runOnlyForDeploymentPostprocessing = 0;
			shellPath = /bin/sh;
			shellScript = "\"${SRCROOT}/Pods/Target Support Files/Pods-CargoGuruViper/Pods-CargoGuruViper-frameworks.sh\"\n";
			showEnvVarsInLog = 0;
		};
/* End PBXShellScriptBuildPhase section */

/* Begin PBXSourcesBuildPhase section */
		75F64AC81C7DB1E50019F61C /* Sources */ = {
			isa = PBXSourcesBuildPhase;
			buildActionMask = 2147483647;
			files = (
				63D9570F1D0065AE00138774 /* LanTableViewCell.m in Sources */,
				75F64B391C809F540019F61C /* ResultTableViewCell.m in Sources */,
				758B0D8A1C8894990018E85E /* CGFilterModuleInteractor.m in Sources */,
				63152DF01C7DE88200AE47ED /* CGCalculateModuleViewController.m in Sources */,
				7591F25B1D023DD400835276 /* VolTableViewCell.m in Sources */,
				7591F2611D023E4F00835276 /* BaseTableViewCell.m in Sources */,
				63152DE71C7DE86F00AE47ED /* CGCalculateModulePresenter.m in Sources */,
				75F64AD71C7DB1E50019F61C /* ViewController.m in Sources */,
				75CF6A561D2C4DF2000CE1D7 /* DimensionalTranslation+NSString.m in Sources */,
				63152DE31C7DE86700AE47ED /* CGCalculateModuleInteractor.m in Sources */,
				7591F2751D0C24ED00835276 /* MMExampleDrawerVisualStateManager.m in Sources */,
				758B0D921C8B80000018E85E /* SortingView.m in Sources */,
				758B0D8B1C8894990018E85E /* CGFilterModulePresenter.m in Sources */,
				63152DEB1C7DE87600AE47ED /* CGCalculateModuleRouter.m in Sources */,
				75F64B1F1C7E66F80019F61C /* CGResultCalculateModuleInteractor.m in Sources */,
				63152DDE1C7DE85B00AE47ED /* CGCalculateModuleAssembly.m in Sources */,
				75F64B211C7E66F80019F61C /* CGResultCalculateModuleRouter.m in Sources */,
				75F64B341C8055BF0019F61C /* JSONResponseSerializerWithData.m in Sources */,
				63915AFF1D1068CE00AE102D /* VolumeCalculateView.m in Sources */,
				7591F2641D049A0000835276 /* ConfigFormat+NSString.m in Sources */,
				7591F25E1D023DF200835276 /* WeightTableViewCell.m in Sources */,
				75F64B331C8055BF0019F61C /* HTTPClient.m in Sources */,
				75F64B221C7E66F80019F61C /* CGResultCalculateModuleViewController.m in Sources */,
				75F64AD41C7DB1E50019F61C /* AppDelegate.m in Sources */,
				75F64B1E1C7E66F80019F61C /* CGResultCalculateModuleAssembly.m in Sources */,
				63D957051CFF396800138774 /* CurrencyViewController.m in Sources */,
				63D957081CFF397F00138774 /* VolumeViewController.m in Sources */,
				7591F2681D05876B00835276 /* ReturnConnectionViewController.m in Sources */,
				63915AFC1D10401F00AE102D /* City.m in Sources */,
				63D956F21CFDF0BB00138774 /* RevealTableViewCell.m in Sources */,
				7591F26B1D059B4400835276 /* AboutUsViewController.m in Sources */,
				63B5398B1D2D50AF0061CA39 /* CustomView.m in Sources */,
				75F64ADD1C7DB1E50019F61C /* CargoGuroViper.xcdatamodeld in Sources */,
				758B0D891C8894990018E85E /* CGFilterModuleAssembly.m in Sources */,
				63B539881D2D47450061CA39 /* Touching+UIView.m in Sources */,
				63915ABD1D082D4200AE102D /* LocalizeHelper.m in Sources */,
				758B0D8D1C8894990018E85E /* CGFilterModuleViewController.m in Sources */,
				75F64B201C7E66F80019F61C /* CGResultCalculateModulePresenter.m in Sources */,
				63915AF91D103FEB00AE102D /* TransportServices.m in Sources */,
				63D956FF1CFF392100138774 /* BaseConfigurationViewController.m in Sources */,
				7591F2581D00CE2300835276 /* CurTableViewCell.m in Sources */,
				75F64AD11C7DB1E50019F61C /* main.m in Sources */,
				63D956F31CFDF0BB00138774 /* LeftTableViewController.m in Sources */,
				63D957021CFF395000138774 /* LanguageViewController.m in Sources */,
				63D9570B1CFF3A9B00138774 /* WeightViewController.m in Sources */,
				758B0D8C1C8894990018E85E /* CGFilterModuleRouter.m in Sources */,
			);
			runOnlyForDeploymentPostprocessing = 0;
		};
/* End PBXSourcesBuildPhase section */

/* Begin PBXVariantGroup section */
		63D956F61CFF34FB00138774 /* Configuration.storyboard */ = {
			isa = PBXVariantGroup;
			children = (
				63D956F71CFF34FB00138774 /* Base */,
				63915AC01D082FCD00AE102D /* de */,
				63915AC51D08304D00AE102D /* fr */,
				63915ACA1D08306300AE102D /* zh-Hans */,
			);
			name = Configuration.storyboard;
			sourceTree = "<group>";
		};
		63D956F91CFF351C00138774 /* Info.storyboard */ = {
			isa = PBXVariantGroup;
			children = (
				63D956FA1CFF351C00138774 /* Base */,
				63915AC11D082FCD00AE102D /* de */,
				63915AC61D08304D00AE102D /* fr */,
				63915ACB1D08306300AE102D /* zh-Hans */,
			);
			name = Info.storyboard;
			sourceTree = "<group>";
		};
		756CD7AB1C96FC450019A22C /* Localizable.strings */ = {
			isa = PBXVariantGroup;
			children = (
				756CD7AA1C96FC450019A22C /* en */,
				756CD7AC1C96FC480019A22C /* ru */,
				63915AC21D082FCD00AE102D /* de */,
				63915AC71D08304D00AE102D /* fr */,
				63915ACC1D08306300AE102D /* zh-Hans */,
			);
			name = Localizable.strings;
			sourceTree = "<group>";
		};
		75F64AD81C7DB1E50019F61C /* Main.storyboard */ = {
			isa = PBXVariantGroup;
			children = (
				75F64AD91C7DB1E50019F61C /* Base */,
				756CD7A71C96FC380019A22C /* ru */,
				63915ABE1D082FCD00AE102D /* de */,
				63915AC31D08304D00AE102D /* fr */,
				63915AC81D08306300AE102D /* zh-Hans */,
			);
			name = Main.storyboard;
			sourceTree = "<group>";
		};
		75F64AE01C7DB1E50019F61C /* LaunchScreen.storyboard */ = {
			isa = PBXVariantGroup;
			children = (
				75F64AE11C7DB1E50019F61C /* Base */,
				756CD7A81C96FC380019A22C /* ru */,
				63915ABF1D082FCD00AE102D /* de */,
				63915AC41D08304D00AE102D /* fr */,
				63915AC91D08306300AE102D /* zh-Hans */,
			);
			name = LaunchScreen.storyboard;
			sourceTree = "<group>";
		};
/* End PBXVariantGroup section */

/* Begin XCBuildConfiguration section */
		75F64AE41C7DB1E50019F61C /* Debug */ = {
			isa = XCBuildConfiguration;
			buildSettings = {
				ALWAYS_SEARCH_USER_PATHS = NO;
				CLANG_CXX_LANGUAGE_STANDARD = "gnu++0x";
				CLANG_CXX_LIBRARY = "libc++";
				CLANG_ENABLE_MODULES = YES;
				CLANG_ENABLE_OBJC_ARC = YES;
				CLANG_WARN_BOOL_CONVERSION = YES;
				CLANG_WARN_CONSTANT_CONVERSION = YES;
				CLANG_WARN_DIRECT_OBJC_ISA_USAGE = YES_ERROR;
				CLANG_WARN_EMPTY_BODY = YES;
				CLANG_WARN_ENUM_CONVERSION = YES;
				CLANG_WARN_INT_CONVERSION = YES;
				CLANG_WARN_OBJC_ROOT_CLASS = YES_ERROR;
				CLANG_WARN_UNREACHABLE_CODE = YES;
				CLANG_WARN__DUPLICATE_METHOD_MATCH = YES;
				"CODE_SIGN_IDENTITY[sdk=iphoneos*]" = "iPhone Developer";
				COPY_PHASE_STRIP = NO;
				DEBUG_INFORMATION_FORMAT = dwarf;
				ENABLE_STRICT_OBJC_MSGSEND = YES;
				ENABLE_TESTABILITY = YES;
				GCC_C_LANGUAGE_STANDARD = gnu99;
				GCC_DYNAMIC_NO_PIC = NO;
				GCC_NO_COMMON_BLOCKS = YES;
				GCC_OPTIMIZATION_LEVEL = 0;
				GCC_PREPROCESSOR_DEFINITIONS = (
					"DEBUG=1",
					"$(inherited)",
				);
				GCC_WARN_64_TO_32_BIT_CONVERSION = YES;
				GCC_WARN_ABOUT_RETURN_TYPE = YES_ERROR;
				GCC_WARN_UNDECLARED_SELECTOR = YES;
				GCC_WARN_UNINITIALIZED_AUTOS = YES_AGGRESSIVE;
				GCC_WARN_UNUSED_FUNCTION = YES;
				GCC_WARN_UNUSED_VARIABLE = YES;
				IPHONEOS_DEPLOYMENT_TARGET = 9.2;
				MTL_ENABLE_DEBUG_INFO = YES;
				ONLY_ACTIVE_ARCH = YES;
				SDKROOT = iphoneos;
			};
			name = Debug;
		};
		75F64AE51C7DB1E50019F61C /* Release */ = {
			isa = XCBuildConfiguration;
			buildSettings = {
				ALWAYS_SEARCH_USER_PATHS = NO;
				CLANG_CXX_LANGUAGE_STANDARD = "gnu++0x";
				CLANG_CXX_LIBRARY = "libc++";
				CLANG_ENABLE_MODULES = YES;
				CLANG_ENABLE_OBJC_ARC = YES;
				CLANG_WARN_BOOL_CONVERSION = YES;
				CLANG_WARN_CONSTANT_CONVERSION = YES;
				CLANG_WARN_DIRECT_OBJC_ISA_USAGE = YES_ERROR;
				CLANG_WARN_EMPTY_BODY = YES;
				CLANG_WARN_ENUM_CONVERSION = YES;
				CLANG_WARN_INT_CONVERSION = YES;
				CLANG_WARN_OBJC_ROOT_CLASS = YES_ERROR;
				CLANG_WARN_UNREACHABLE_CODE = YES;
				CLANG_WARN__DUPLICATE_METHOD_MATCH = YES;
				"CODE_SIGN_IDENTITY[sdk=iphoneos*]" = "iPhone Developer";
				COPY_PHASE_STRIP = NO;
				DEBUG_INFORMATION_FORMAT = "dwarf-with-dsym";
				ENABLE_NS_ASSERTIONS = NO;
				ENABLE_STRICT_OBJC_MSGSEND = YES;
				GCC_C_LANGUAGE_STANDARD = gnu99;
				GCC_NO_COMMON_BLOCKS = YES;
				GCC_WARN_64_TO_32_BIT_CONVERSION = YES;
				GCC_WARN_ABOUT_RETURN_TYPE = YES_ERROR;
				GCC_WARN_UNDECLARED_SELECTOR = YES;
				GCC_WARN_UNINITIALIZED_AUTOS = YES_AGGRESSIVE;
				GCC_WARN_UNUSED_FUNCTION = YES;
				GCC_WARN_UNUSED_VARIABLE = YES;
				IPHONEOS_DEPLOYMENT_TARGET = 9.2;
				MTL_ENABLE_DEBUG_INFO = NO;
				SDKROOT = iphoneos;
				VALIDATE_PRODUCT = YES;
			};
			name = Release;
		};
		75F64AE71C7DB1E50019F61C /* Debug */ = {
			isa = XCBuildConfiguration;
			baseConfigurationReference = 04AAC9AD351B42392ABA5073 /* Pods-CargoGuruViper.debug.xcconfig */;
			buildSettings = {
				ASSETCATALOG_COMPILER_APPICON_NAME = AppIcon;
				CLANG_ALLOW_NON_MODULAR_INCLUDES_IN_FRAMEWORK_MODULES = NO;
				CLANG_ENABLE_MODULES = YES;
				CODE_SIGN_IDENTITY = "iPhone Developer";
				"CODE_SIGN_IDENTITY[sdk=iphoneos*]" = "iPhone Developer";
				ENABLE_BITCODE = NO;
				FRAMEWORK_SEARCH_PATHS = (
					"$(inherited)",
					"$(PROJECT_DIR)/build/Debug-iphoneos",
				);
				GCC_PREFIX_HEADER = CargoGuroViper/PrefixHeader.pch;
				INFOPLIST_FILE = CargoGuroViper/Info.plist;
				LD_RUNPATH_SEARCH_PATHS = "$(inherited) @executable_path/Frameworks /Users/a1/workspase/CargoGuro";
				LIBRARY_SEARCH_PATHS = (
					"$(inherited)",
					"$(PROJECT_DIR)/build/Debug-iphoneos",
				);
				OTHER_LDFLAGS = (
					"$(inherited)",
					"-ObjC",
					"-l\"AFNetworking\"",
					"-l\"OCMock\"",
					"-l\"RamblerSegues\"",
					"-l\"RamblerTyphoonUtils\"",
					"-l\"Typhoon\"",
					"-l\"ViperMcFlurry\"",
					"-framework",
					"\"CoreGraphics\"",
					"-framework",
					"\"MobileCoreServices\"",
					"-framework",
					"\"Security\"",
					"-framework",
					"\"SystemConfiguration\"",
					"-weak_framework",
					"\"XCTest\"",
				);
				PRODUCT_BUNDLE_IDENTIFIER = com.fruktorum.CargoGuru;
				PRODUCT_NAME = CargoGuru;
				PROVISIONING_PROFILE = "";
				TARGETED_DEVICE_FAMILY = "1,2";
			};
			name = Debug;
		};
		75F64AE81C7DB1E50019F61C /* Release */ = {
			isa = XCBuildConfiguration;
			baseConfigurationReference = 88FFEEF0B14DEF6ECDD9D5B0 /* Pods-CargoGuruViper.release.xcconfig */;
			buildSettings = {
				ASSETCATALOG_COMPILER_APPICON_NAME = AppIcon;
				CLANG_ALLOW_NON_MODULAR_INCLUDES_IN_FRAMEWORK_MODULES = NO;
				CLANG_ENABLE_MODULES = YES;
				CODE_SIGN_IDENTITY = "iPhone Developer";
				"CODE_SIGN_IDENTITY[sdk=iphoneos*]" = "iPhone Developer";
				ENABLE_BITCODE = NO;
				FRAMEWORK_SEARCH_PATHS = (
					"$(inherited)",
					"$(PROJECT_DIR)/build/Debug-iphoneos",
				);
				GCC_PREFIX_HEADER = CargoGuroViper/PrefixHeader.pch;
				INFOPLIST_FILE = CargoGuroViper/Info.plist;
				LD_RUNPATH_SEARCH_PATHS = "$(inherited) @executable_path/Frameworks";
				LIBRARY_SEARCH_PATHS = (
					"$(inherited)",
					"$(PROJECT_DIR)/build/Debug-iphoneos",
				);
				OTHER_LDFLAGS = (
					"$(inherited)",
					"-ObjC",
					"-l\"AFNetworking\"",
					"-l\"OCMock\"",
					"-l\"RamblerSegues\"",
					"-l\"RamblerTyphoonUtils\"",
					"-l\"Typhoon\"",
					"-l\"ViperMcFlurry\"",
					"-framework",
					"\"CoreGraphics\"",
					"-framework",
					"\"MobileCoreServices\"",
					"-framework",
					"\"Security\"",
					"-framework",
					"\"SystemConfiguration\"",
					"-weak_framework",
					"\"XCTest\"",
				);
				PRODUCT_BUNDLE_IDENTIFIER = com.fruktorum.CargoGuru;
				PRODUCT_NAME = CargoGuru;
				PROVISIONING_PROFILE = "";
				TARGETED_DEVICE_FAMILY = "1,2";
			};
			name = Release;
		};
/* End XCBuildConfiguration section */

/* Begin XCConfigurationList section */
		75F64AC71C7DB1E50019F61C /* Build configuration list for PBXProject "CargoGuruViper" */ = {
			isa = XCConfigurationList;
			buildConfigurations = (
				75F64AE41C7DB1E50019F61C /* Debug */,
				75F64AE51C7DB1E50019F61C /* Release */,
			);
			defaultConfigurationIsVisible = 0;
			defaultConfigurationName = Release;
		};
		75F64AE61C7DB1E50019F61C /* Build configuration list for PBXNativeTarget "CargoGuruViper" */ = {
			isa = XCConfigurationList;
			buildConfigurations = (
				75F64AE71C7DB1E50019F61C /* Debug */,
				75F64AE81C7DB1E50019F61C /* Release */,
			);
			defaultConfigurationIsVisible = 0;
			defaultConfigurationName = Release;
		};
/* End XCConfigurationList section */

/* Begin XCVersionGroup section */
		75F64ADB1C7DB1E50019F61C /* CargoGuroViper.xcdatamodeld */ = {
			isa = XCVersionGroup;
			children = (
				75F64ADC1C7DB1E50019F61C /* CargoGuroViper.xcdatamodel */,
			);
			currentVersion = 75F64ADC1C7DB1E50019F61C /* CargoGuroViper.xcdatamodel */;
			path = CargoGuroViper.xcdatamodeld;
			sourceTree = "<group>";
			versionGroupType = wrapper.xcdatamodel;
		};
/* End XCVersionGroup section */
	};
	rootObject = 75F64AC41C7DB1E50019F61C /* Project object */;
}
