PODS:
  - AFNetworking (3.1.0):
    - AFNetworking/NSURLSession (= 3.1.0)
    - AFNetworking/Reachability (= 3.1.0)
    - AFNetworking/Security (= 3.1.0)
    - AFNetworking/Serialization (= 3.1.0)
    - AFNetworking/UIKit (= 3.1.0)
  - AFNetworking/NSURLSession (3.1.0):
    - AFNetworking/Reachability
    - AFNetworking/Security
    - AFNetworking/Serialization
  - AFNetworking/Reachability (3.1.0)
  - AFNetworking/Security (3.1.0)
  - AFNetworking/Serialization (3.1.0)
  - AFNetworking/UIKit (3.1.0):
    - AFNetworking/NSURLSession
  - GoogleMaps (1.13.2)
  - JVFloatingDrawer (0.1.0)
  - JVFloatLabeledTextField (1.1.1)
  - MMDrawerController (0.5.7):
    - MMDrawerController/Core (= 0.5.7)
    - MMDrawerController/MMDrawerBarButtonItem (= 0.5.7)
    - MMDrawerController/MMDrawerVisualStates (= 0.5.7)
    - MMDrawerController/Subclass (= 0.5.7)
  - MMDrawerController/Core (0.5.7)
  - MMDrawerController/MMDrawerBarButtonItem (0.5.7):
    - MMDrawerController/Core
  - MMDrawerController/MMDrawerVisualStates (0.5.7):
    - MMDrawerController/Core
  - MMDrawerController/Subclass (0.5.7):
    - MMDrawerController/Core
  - OCMock (3.3.1)
  - RamblerSegues (1.1.0):
    - RamblerSegues/Core (= 1.1.0)
    - RamblerSegues/CrossStoryboardSegue (= 1.1.0)
    - RamblerSegues/EmbedSegue (= 1.1.0)
  - RamblerSegues/Core (1.1.0)
  - RamblerSegues/CrossStoryboardSegue (1.1.0)
  - RamblerSegues/EmbedSegue (1.1.0)
  - RamblerTyphoonUtils (1.4.0):
    - RamblerTyphoonUtils/AssemblyCollector (= 1.4.0)
    - RamblerTyphoonUtils/AssemblyTesting (= 1.4.0)
  - RamblerTyphoonUtils/AssemblyCollector (1.4.0)
  - RamblerTyphoonUtils/AssemblyTesting (1.4.0)
  - Typhoon (3.5.1):
    - Typhoon/no-arc (= 3.5.1)
  - Typhoon/no-arc (3.5.1)
  - ViperMcFlurry (1.2.0):
    - ViperMcFlurry/Core (= 1.2.0)
    - ViperMcFlurry/IntermoduleDataTransfer (= 1.2.0)
  - ViperMcFlurry/Core (1.2.0)
  - ViperMcFlurry/IntermoduleDataTransfer (1.2.0):
    - ViperMcFlurry/Core

DEPENDENCIES:
  - AFNetworking
  - GoogleMaps (~> 1.13.2)
  - JVFloatingDrawer
  - JVFloatLabeledTextField
  - MMDrawerController (~> 0.5.7)
  - OCMock
  - RamblerSegues
  - RamblerTyphoonUtils
  - Typhoon
  - ViperMcFlurry

SPEC CHECKSUMS:
  AFNetworking: 5e0e199f73d8626b11e79750991f5d173d1f8b67
  GoogleMaps: b20a103ff307f58392e603cf142e59d7e30374c1
  JVFloatingDrawer: 4782b1df21411aef2c1818f3b346cace02cc2e24
  JVFloatLabeledTextField: 0e5524b097f102036214dd8279edc8ecf08b5e18
  MMDrawerController: 7a4cf8e25596bf2434e03ce50d22a8608ddee6a1
  OCMock: f3f61e6eaa16038c30caa5798c5e49d3307b6f22
  RamblerSegues: e4b34295ede5203115b53f6b749c14d9ba6b9e5e
  RamblerTyphoonUtils: 38dd906775ca5f7138752a531c4ffdc50b5f1927
  Typhoon: c0950bb9f2e835eb8a7dc6983160109b6baf2dda
  ViperMcFlurry: dc0aed190c3485fc6c95a50375d2e9812c9adb7e

PODFILE CHECKSUM: 5f8d3e16a61fc9ab329903d8f2f7a74c8ca0c294

COCOAPODS: 1.0.1
