// !$*UTF8*$!
{
	archiveVersion = 1;
	classes = {
	};
	objectVersion = 46;
	objects = {

/* Begin PBXBuildFile section */
		5B0133876EF0C7518663BFAA /* libPods-CargoGuroViper.a in Frameworks */ = {isa = PBXBuildFile; fileRef = A1D581A13A680831D7ACC36E /* libPods-CargoGuroViper.a */; };
		63152DDE1C7DE85B00AE47ED /* CGCalculateModuleAssembly.m in Sources */ = {isa = PBXBuildFile; fileRef = 63152DDD1C7DE85B00AE47ED /* CGCalculateModuleAssembly.m */; };
		63152DE31C7DE86700AE47ED /* CGCalculateModuleInteractor.m in Sources */ = {isa = PBXBuildFile; fileRef = 63152DE01C7DE86700AE47ED /* CGCalculateModuleInteractor.m */; };
		63152DE71C7DE86F00AE47ED /* CGCalculateModulePresenter.m in Sources */ = {isa = PBXBuildFile; fileRef = 63152DE61C7DE86F00AE47ED /* CGCalculateModulePresenter.m */; };
		63152DEB1C7DE87600AE47ED /* CGCalculateModuleRouter.m in Sources */ = {isa = PBXBuildFile; fileRef = 63152DE91C7DE87600AE47ED /* CGCalculateModuleRouter.m */; };
		63152DF01C7DE88200AE47ED /* CGCalculateModuleViewController.m in Sources */ = {isa = PBXBuildFile; fileRef = 63152DED1C7DE88200AE47ED /* CGCalculateModuleViewController.m */; };
		758B0D891C8894990018E85E /* CGFilterModuleAssembly.m in Sources */ = {isa = PBXBuildFile; fileRef = 758B0D761C8894990018E85E /* CGFilterModuleAssembly.m */; };
		758B0D8A1C8894990018E85E /* CGFilterModuleInteractor.m in Sources */ = {isa = PBXBuildFile; fileRef = 758B0D791C8894990018E85E /* CGFilterModuleInteractor.m */; };
		758B0D8B1C8894990018E85E /* CGFilterModulePresenter.m in Sources */ = {isa = PBXBuildFile; fileRef = 758B0D7F1C8894990018E85E /* CGFilterModulePresenter.m */; };
		758B0D8C1C8894990018E85E /* CGFilterModuleRouter.m in Sources */ = {isa = PBXBuildFile; fileRef = 758B0D821C8894990018E85E /* CGFilterModuleRouter.m */; };
		758B0D8D1C8894990018E85E /* CGFilterModuleViewController.m in Sources */ = {isa = PBXBuildFile; fileRef = 758B0D861C8894990018E85E /* CGFilterModuleViewController.m */; };
		758B0D921C8B80000018E85E /* SortingView.m in Sources */ = {isa = PBXBuildFile; fileRef = 758B0D911C8B80000018E85E /* SortingView.m */; };
		758B0D941C8B824D0018E85E /* SortingView.xib in Resources */ = {isa = PBXBuildFile; fileRef = 758B0D931C8B824D0018E85E /* SortingView.xib */; };
		75F64AD11C7DB1E50019F61C /* main.m in Sources */ = {isa = PBXBuildFile; fileRef = 75F64AD01C7DB1E50019F61C /* main.m */; };
		75F64AD41C7DB1E50019F61C /* AppDelegate.m in Sources */ = {isa = PBXBuildFile; fileRef = 75F64AD31C7DB1E50019F61C /* AppDelegate.m */; };
		75F64AD71C7DB1E50019F61C /* ViewController.m in Sources */ = {isa = PBXBuildFile; fileRef = 75F64AD61C7DB1E50019F61C /* ViewController.m */; };
		75F64ADA1C7DB1E50019F61C /* Main.storyboard in Resources */ = {isa = PBXBuildFile; fileRef = 75F64AD81C7DB1E50019F61C /* Main.storyboard */; };
		75F64ADD1C7DB1E50019F61C /* CargoGuroViper.xcdatamodeld in Sources */ = {isa = PBXBuildFile; fileRef = 75F64ADB1C7DB1E50019F61C /* CargoGuroViper.xcdatamodeld */; };
		75F64ADF1C7DB1E50019F61C /* Assets.xcassets in Resources */ = {isa = PBXBuildFile; fileRef = 75F64ADE1C7DB1E50019F61C /* Assets.xcassets */; };
		75F64AE21C7DB1E50019F61C /* LaunchScreen.storyboard in Resources */ = {isa = PBXBuildFile; fileRef = 75F64AE01C7DB1E50019F61C /* LaunchScreen.storyboard */; };
		75F64AEB1C7E1C360019F61C /* libRamblerTyphoonUtils.a in Frameworks */ = {isa = PBXBuildFile; fileRef = 75F64AE91C7E1C360019F61C /* libRamblerTyphoonUtils.a */; };
		75F64AEC1C7E1C360019F61C /* libTyphoon.a in Frameworks */ = {isa = PBXBuildFile; fileRef = 75F64AEA1C7E1C360019F61C /* libTyphoon.a */; };
		75F64B1E1C7E66F80019F61C /* CGResultCalculateModuleAssembly.m in Sources */ = {isa = PBXBuildFile; fileRef = 75F64B0B1C7E66F80019F61C /* CGResultCalculateModuleAssembly.m */; };
		75F64B1F1C7E66F80019F61C /* CGResultCalculateModuleInteractor.m in Sources */ = {isa = PBXBuildFile; fileRef = 75F64B0E1C7E66F80019F61C /* CGResultCalculateModuleInteractor.m */; };
		75F64B201C7E66F80019F61C /* CGResultCalculateModulePresenter.m in Sources */ = {isa = PBXBuildFile; fileRef = 75F64B141C7E66F80019F61C /* CGResultCalculateModulePresenter.m */; };
		75F64B211C7E66F80019F61C /* CGResultCalculateModuleRouter.m in Sources */ = {isa = PBXBuildFile; fileRef = 75F64B171C7E66F80019F61C /* CGResultCalculateModuleRouter.m */; };
		75F64B221C7E66F80019F61C /* CGResultCalculateModuleViewController.m in Sources */ = {isa = PBXBuildFile; fileRef = 75F64B1B1C7E66F80019F61C /* CGResultCalculateModuleViewController.m */; };
		75F64B331C8055BF0019F61C /* HTTPClient.m in Sources */ = {isa = PBXBuildFile; fileRef = 75F64B2E1C8055BF0019F61C /* HTTPClient.m */; };
		75F64B341C8055BF0019F61C /* JSONResponseSerializerWithData.m in Sources */ = {isa = PBXBuildFile; fileRef = 75F64B301C8055BF0019F61C /* JSONResponseSerializerWithData.m */; };
		75F64B391C809F540019F61C /* ResultTableViewCell.m in Sources */ = {isa = PBXBuildFile; fileRef = 75F64B371C809F540019F61C /* ResultTableViewCell.m */; };
		75F64B3A1C809F540019F61C /* ResultTableViewCell.xib in Resources */ = {isa = PBXBuildFile; fileRef = 75F64B381C809F540019F61C /* ResultTableViewCell.xib */; };
/* End PBXBuildFile section */

/* Begin PBXFileReference section */
		1A28622E542832680E3146A2 /* Pods-CargoGuroViper.release.xcconfig */ = {isa = PBXFileReference; includeInIndex = 1; lastKnownFileType = text.xcconfig; name = "Pods-CargoGuroViper.release.xcconfig"; path = "Pods/Target Support Files/Pods-CargoGuroViper/Pods-CargoGuroViper.release.xcconfig"; sourceTree = "<group>"; };
		63152DDC1C7DE85B00AE47ED /* CGCalculateModuleAssembly.h */ = {isa = PBXFileReference; fileEncoding = 4; lastKnownFileType = sourcecode.c.h; name = CGCalculateModuleAssembly.h; path = CalculateModule/Assembly/CGCalculateModuleAssembly.h; sourceTree = "<group>"; };
		63152DDD1C7DE85B00AE47ED /* CGCalculateModuleAssembly.m */ = {isa = PBXFileReference; fileEncoding = 4; lastKnownFileType = sourcecode.c.objc; name = CGCalculateModuleAssembly.m; path = CalculateModule/Assembly/CGCalculateModuleAssembly.m; sourceTree = "<group>"; };
		63152DDF1C7DE86700AE47ED /* CGCalculateModuleInteractor.h */ = {isa = PBXFileReference; fileEncoding = 4; lastKnownFileType = sourcecode.c.h; name = CGCalculateModuleInteractor.h; path = CalculateModule/Interactor/CGCalculateModuleInteractor.h; sourceTree = "<group>"; };
		63152DE01C7DE86700AE47ED /* CGCalculateModuleInteractor.m */ = {isa = PBXFileReference; fileEncoding = 4; lastKnownFileType = sourcecode.c.objc; name = CGCalculateModuleInteractor.m; path = CalculateModule/Interactor/CGCalculateModuleInteractor.m; sourceTree = "<group>"; };
		63152DE11C7DE86700AE47ED /* CGCalculateModuleInteractorInput.h */ = {isa = PBXFileReference; fileEncoding = 4; lastKnownFileType = sourcecode.c.h; name = CGCalculateModuleInteractorInput.h; path = CalculateModule/Interactor/CGCalculateModuleInteractorInput.h; sourceTree = "<group>"; };
		63152DE21C7DE86700AE47ED /* CGCalculateModuleInteractorOutput.h */ = {isa = PBXFileReference; fileEncoding = 4; lastKnownFileType = sourcecode.c.h; name = CGCalculateModuleInteractorOutput.h; path = CalculateModule/Interactor/CGCalculateModuleInteractorOutput.h; sourceTree = "<group>"; };
		63152DE41C7DE86F00AE47ED /* CGCalculateModuleModuleInput.h */ = {isa = PBXFileReference; fileEncoding = 4; lastKnownFileType = sourcecode.c.h; name = CGCalculateModuleModuleInput.h; path = CalculateModule/Presenter/CGCalculateModuleModuleInput.h; sourceTree = "<group>"; };
		63152DE51C7DE86F00AE47ED /* CGCalculateModulePresenter.h */ = {isa = PBXFileReference; fileEncoding = 4; lastKnownFileType = sourcecode.c.h; name = CGCalculateModulePresenter.h; path = CalculateModule/Presenter/CGCalculateModulePresenter.h; sourceTree = "<group>"; };
		63152DE61C7DE86F00AE47ED /* CGCalculateModulePresenter.m */ = {isa = PBXFileReference; fileEncoding = 4; lastKnownFileType = sourcecode.c.objc; name = CGCalculateModulePresenter.m; path = CalculateModule/Presenter/CGCalculateModulePresenter.m; sourceTree = "<group>"; };
		63152DE81C7DE87600AE47ED /* CGCalculateModuleRouter.h */ = {isa = PBXFileReference; fileEncoding = 4; lastKnownFileType = sourcecode.c.h; name = CGCalculateModuleRouter.h; path = CalculateModule/Router/CGCalculateModuleRouter.h; sourceTree = "<group>"; };
		63152DE91C7DE87600AE47ED /* CGCalculateModuleRouter.m */ = {isa = PBXFileReference; fileEncoding = 4; lastKnownFileType = sourcecode.c.objc; name = CGCalculateModuleRouter.m; path = CalculateModule/Router/CGCalculateModuleRouter.m; sourceTree = "<group>"; };
		63152DEA1C7DE87600AE47ED /* CGCalculateModuleRouterInput.h */ = {isa = PBXFileReference; fileEncoding = 4; lastKnownFileType = sourcecode.c.h; name = CGCalculateModuleRouterInput.h; path = CalculateModule/Router/CGCalculateModuleRouterInput.h; sourceTree = "<group>"; };
		63152DEC1C7DE88200AE47ED /* CGCalculateModuleViewController.h */ = {isa = PBXFileReference; fileEncoding = 4; lastKnownFileType = sourcecode.c.h; name = CGCalculateModuleViewController.h; path = CalculateModule/View/CGCalculateModuleViewController.h; sourceTree = "<group>"; };
		63152DED1C7DE88200AE47ED /* CGCalculateModuleViewController.m */ = {isa = PBXFileReference; fileEncoding = 4; lastKnownFileType = sourcecode.c.objc; name = CGCalculateModuleViewController.m; path = CalculateModule/View/CGCalculateModuleViewController.m; sourceTree = "<group>"; };
		63152DEE1C7DE88200AE47ED /* CGCalculateModuleViewInput.h */ = {isa = PBXFileReference; fileEncoding = 4; lastKnownFileType = sourcecode.c.h; name = CGCalculateModuleViewInput.h; path = CalculateModule/View/CGCalculateModuleViewInput.h; sourceTree = "<group>"; };
		63152DEF1C7DE88200AE47ED /* CGCalculateModuleViewOutput.h */ = {isa = PBXFileReference; fileEncoding = 4; lastKnownFileType = sourcecode.c.h; name = CGCalculateModuleViewOutput.h; path = CalculateModule/View/CGCalculateModuleViewOutput.h; sourceTree = "<group>"; };
		6DB4894CBB83AD52AF7064C7 /* Pods-CargoGuroViper.debug.xcconfig */ = {isa = PBXFileReference; includeInIndex = 1; lastKnownFileType = text.xcconfig; name = "Pods-CargoGuroViper.debug.xcconfig"; path = "Pods/Target Support Files/Pods-CargoGuroViper/Pods-CargoGuroViper.debug.xcconfig"; sourceTree = "<group>"; };
		758B0D751C8894990018E85E /* CGFilterModuleAssembly.h */ = {isa = PBXFileReference; fileEncoding = 4; lastKnownFileType = sourcecode.c.h; path = CGFilterModuleAssembly.h; sourceTree = "<group>"; };
		758B0D761C8894990018E85E /* CGFilterModuleAssembly.m */ = {isa = PBXFileReference; fileEncoding = 4; lastKnownFileType = sourcecode.c.objc; path = CGFilterModuleAssembly.m; sourceTree = "<group>"; };
		758B0D781C8894990018E85E /* CGFilterModuleInteractor.h */ = {isa = PBXFileReference; fileEncoding = 4; lastKnownFileType = sourcecode.c.h; path = CGFilterModuleInteractor.h; sourceTree = "<group>"; };
		758B0D791C8894990018E85E /* CGFilterModuleInteractor.m */ = {isa = PBXFileReference; fileEncoding = 4; lastKnownFileType = sourcecode.c.objc; path = CGFilterModuleInteractor.m; sourceTree = "<group>"; };
		758B0D7A1C8894990018E85E /* CGFilterModuleInteractorInput.h */ = {isa = PBXFileReference; fileEncoding = 4; lastKnownFileType = sourcecode.c.h; path = CGFilterModuleInteractorInput.h; sourceTree = "<group>"; };
		758B0D7B1C8894990018E85E /* CGFilterModuleInteractorOutput.h */ = {isa = PBXFileReference; fileEncoding = 4; lastKnownFileType = sourcecode.c.h; path = CGFilterModuleInteractorOutput.h; sourceTree = "<group>"; };
		758B0D7D1C8894990018E85E /* CGFilterModuleModuleInput.h */ = {isa = PBXFileReference; fileEncoding = 4; lastKnownFileType = sourcecode.c.h; path = CGFilterModuleModuleInput.h; sourceTree = "<group>"; };
		758B0D7E1C8894990018E85E /* CGFilterModulePresenter.h */ = {isa = PBXFileReference; fileEncoding = 4; lastKnownFileType = sourcecode.c.h; path = CGFilterModulePresenter.h; sourceTree = "<group>"; };
		758B0D7F1C8894990018E85E /* CGFilterModulePresenter.m */ = {isa = PBXFileReference; fileEncoding = 4; lastKnownFileType = sourcecode.c.objc; path = CGFilterModulePresenter.m; sourceTree = "<group>"; };
		758B0D811C8894990018E85E /* CGFilterModuleRouter.h */ = {isa = PBXFileReference; fileEncoding = 4; lastKnownFileType = sourcecode.c.h; path = CGFilterModuleRouter.h; sourceTree = "<group>"; };
		758B0D821C8894990018E85E /* CGFilterModuleRouter.m */ = {isa = PBXFileReference; fileEncoding = 4; lastKnownFileType = sourcecode.c.objc; path = CGFilterModuleRouter.m; sourceTree = "<group>"; };
		758B0D831C8894990018E85E /* CGFilterModuleRouterInput.h */ = {isa = PBXFileReference; fileEncoding = 4; lastKnownFileType = sourcecode.c.h; path = CGFilterModuleRouterInput.h; sourceTree = "<group>"; };
		758B0D851C8894990018E85E /* CGFilterModuleViewController.h */ = {isa = PBXFileReference; fileEncoding = 4; lastKnownFileType = sourcecode.c.h; path = CGFilterModuleViewController.h; sourceTree = "<group>"; };
		758B0D861C8894990018E85E /* CGFilterModuleViewController.m */ = {isa = PBXFileReference; fileEncoding = 4; lastKnownFileType = sourcecode.c.objc; path = CGFilterModuleViewController.m; sourceTree = "<group>"; };
		758B0D871C8894990018E85E /* CGFilterModuleViewInput.h */ = {isa = PBXFileReference; fileEncoding = 4; lastKnownFileType = sourcecode.c.h; path = CGFilterModuleViewInput.h; sourceTree = "<group>"; };
		758B0D881C8894990018E85E /* CGFilterModuleViewOutput.h */ = {isa = PBXFileReference; fileEncoding = 4; lastKnownFileType = sourcecode.c.h; path = CGFilterModuleViewOutput.h; sourceTree = "<group>"; };
		758B0D901C8B80000018E85E /* SortingView.h */ = {isa = PBXFileReference; fileEncoding = 4; lastKnownFileType = sourcecode.c.h; path = SortingView.h; sourceTree = "<group>"; };
		758B0D911C8B80000018E85E /* SortingView.m */ = {isa = PBXFileReference; fileEncoding = 4; lastKnownFileType = sourcecode.c.objc; path = SortingView.m; sourceTree = "<group>"; };
		758B0D931C8B824D0018E85E /* SortingView.xib */ = {isa = PBXFileReference; fileEncoding = 4; lastKnownFileType = file.xib; path = SortingView.xib; sourceTree = "<group>"; };
		75F64ACC1C7DB1E50019F61C /* CargoGuru.app */ = {isa = PBXFileReference; explicitFileType = wrapper.application; includeInIndex = 0; path = CargoGuru.app; sourceTree = BUILT_PRODUCTS_DIR; };
		75F64AD01C7DB1E50019F61C /* main.m */ = {isa = PBXFileReference; lastKnownFileType = sourcecode.c.objc; path = main.m; sourceTree = "<group>"; };
		75F64AD21C7DB1E50019F61C /* AppDelegate.h */ = {isa = PBXFileReference; lastKnownFileType = sourcecode.c.h; path = AppDelegate.h; sourceTree = "<group>"; };
		75F64AD31C7DB1E50019F61C /* AppDelegate.m */ = {isa = PBXFileReference; lastKnownFileType = sourcecode.c.objc; path = AppDelegate.m; sourceTree = "<group>"; };
		75F64AD51C7DB1E50019F61C /* ViewController.h */ = {isa = PBXFileReference; lastKnownFileType = sourcecode.c.h; path = ViewController.h; sourceTree = "<group>"; };
		75F64AD61C7DB1E50019F61C /* ViewController.m */ = {isa = PBXFileReference; lastKnownFileType = sourcecode.c.objc; path = ViewController.m; sourceTree = "<group>"; };
		75F64AD91C7DB1E50019F61C /* Base */ = {isa = PBXFileReference; lastKnownFileType = file.storyboard; name = Base; path = Base.lproj/Main.storyboard; sourceTree = "<group>"; };
		75F64ADC1C7DB1E50019F61C /* CargoGuroViper.xcdatamodel */ = {isa = PBXFileReference; lastKnownFileType = wrapper.xcdatamodel; path = CargoGuroViper.xcdatamodel; sourceTree = "<group>"; };
		75F64ADE1C7DB1E50019F61C /* Assets.xcassets */ = {isa = PBXFileReference; lastKnownFileType = folder.assetcatalog; path = Assets.xcassets; sourceTree = "<group>"; };
		75F64AE11C7DB1E50019F61C /* Base */ = {isa = PBXFileReference; lastKnownFileType = file.storyboard; name = Base; path = Base.lproj/LaunchScreen.storyboard; sourceTree = "<group>"; };
		75F64AE31C7DB1E50019F61C /* Info.plist */ = {isa = PBXFileReference; lastKnownFileType = text.plist.xml; path = Info.plist; sourceTree = "<group>"; };
		75F64AE91C7E1C360019F61C /* libRamblerTyphoonUtils.a */ = {isa = PBXFileReference; lastKnownFileType = archive.ar; name = libRamblerTyphoonUtils.a; path = "Pods/../build/Debug-iphoneos/libRamblerTyphoonUtils.a"; sourceTree = "<group>"; };
		75F64AEA1C7E1C360019F61C /* libTyphoon.a */ = {isa = PBXFileReference; lastKnownFileType = archive.ar; name = libTyphoon.a; path = "Pods/../build/Debug-iphoneos/libTyphoon.a"; sourceTree = "<group>"; };
		75F64B0A1C7E66F80019F61C /* CGResultCalculateModuleAssembly.h */ = {isa = PBXFileReference; fileEncoding = 4; lastKnownFileType = sourcecode.c.h; path = CGResultCalculateModuleAssembly.h; sourceTree = "<group>"; };
		75F64B0B1C7E66F80019F61C /* CGResultCalculateModuleAssembly.m */ = {isa = PBXFileReference; fileEncoding = 4; lastKnownFileType = sourcecode.c.objc; path = CGResultCalculateModuleAssembly.m; sourceTree = "<group>"; };
		75F64B0D1C7E66F80019F61C /* CGResultCalculateModuleInteractor.h */ = {isa = PBXFileReference; fileEncoding = 4; lastKnownFileType = sourcecode.c.h; path = CGResultCalculateModuleInteractor.h; sourceTree = "<group>"; };
		75F64B0E1C7E66F80019F61C /* CGResultCalculateModuleInteractor.m */ = {isa = PBXFileReference; fileEncoding = 4; lastKnownFileType = sourcecode.c.objc; path = CGResultCalculateModuleInteractor.m; sourceTree = "<group>"; };
		75F64B0F1C7E66F80019F61C /* CGResultCalculateModuleInteractorInput.h */ = {isa = PBXFileReference; fileEncoding = 4; lastKnownFileType = sourcecode.c.h; path = CGResultCalculateModuleInteractorInput.h; sourceTree = "<group>"; };
		75F64B101C7E66F80019F61C /* CGResultCalculateModuleInteractorOutput.h */ = {isa = PBXFileReference; fileEncoding = 4; lastKnownFileType = sourcecode.c.h; path = CGResultCalculateModuleInteractorOutput.h; sourceTree = "<group>"; };
		75F64B121C7E66F80019F61C /* CGResultCalculateModuleModuleInput.h */ = {isa = PBXFileReference; fileEncoding = 4; lastKnownFileType = sourcecode.c.h; path = CGResultCalculateModuleModuleInput.h; sourceTree = "<group>"; };
		75F64B131C7E66F80019F61C /* CGResultCalculateModulePresenter.h */ = {isa = PBXFileReference; fileEncoding = 4; lastKnownFileType = sourcecode.c.h; path = CGResultCalculateModulePresenter.h; sourceTree = "<group>"; };
		75F64B141C7E66F80019F61C /* CGResultCalculateModulePresenter.m */ = {isa = PBXFileReference; fileEncoding = 4; lastKnownFileType = sourcecode.c.objc; path = CGResultCalculateModulePresenter.m; sourceTree = "<group>"; };
		75F64B161C7E66F80019F61C /* CGResultCalculateModuleRouter.h */ = {isa = PBXFileReference; fileEncoding = 4; lastKnownFileType = sourcecode.c.h; path = CGResultCalculateModuleRouter.h; sourceTree = "<group>"; };
		75F64B171C7E66F80019F61C /* CGResultCalculateModuleRouter.m */ = {isa = PBXFileReference; fileEncoding = 4; lastKnownFileType = sourcecode.c.objc; path = CGResultCalculateModuleRouter.m; sourceTree = "<group>"; };
		75F64B181C7E66F80019F61C /* CGResultCalculateModuleRouterInput.h */ = {isa = PBXFileReference; fileEncoding = 4; lastKnownFileType = sourcecode.c.h; path = CGResultCalculateModuleRouterInput.h; sourceTree = "<group>"; };
		75F64B1A1C7E66F80019F61C /* CGResultCalculateModuleViewController.h */ = {isa = PBXFileReference; fileEncoding = 4; lastKnownFileType = sourcecode.c.h; path = CGResultCalculateModuleViewController.h; sourceTree = "<group>"; };
		75F64B1B1C7E66F80019F61C /* CGResultCalculateModuleViewController.m */ = {isa = PBXFileReference; fileEncoding = 4; lastKnownFileType = sourcecode.c.objc; path = CGResultCalculateModuleViewController.m; sourceTree = "<group>"; };
		75F64B1C1C7E66F80019F61C /* CGResultCalculateModuleViewInput.h */ = {isa = PBXFileReference; fileEncoding = 4; lastKnownFileType = sourcecode.c.h; path = CGResultCalculateModuleViewInput.h; sourceTree = "<group>"; };
		75F64B1D1C7E66F80019F61C /* CGResultCalculateModuleViewOutput.h */ = {isa = PBXFileReference; fileEncoding = 4; lastKnownFileType = sourcecode.c.h; path = CGResultCalculateModuleViewOutput.h; sourceTree = "<group>"; };
		75F64B2D1C8055BF0019F61C /* HTTPClient.h */ = {isa = PBXFileReference; fileEncoding = 4; lastKnownFileType = sourcecode.c.h; name = HTTPClient.h; path = LibraryAPI/HTTPClient.h; sourceTree = "<group>"; };
		75F64B2E1C8055BF0019F61C /* HTTPClient.m */ = {isa = PBXFileReference; fileEncoding = 4; lastKnownFileType = sourcecode.c.objc; name = HTTPClient.m; path = LibraryAPI/HTTPClient.m; sourceTree = "<group>"; };
		75F64B2F1C8055BF0019F61C /* JSONResponseSerializerWithData.h */ = {isa = PBXFileReference; fileEncoding = 4; lastKnownFileType = sourcecode.c.h; name = JSONResponseSerializerWithData.h; path = LibraryAPI/JSONResponseSerializerWithData.h; sourceTree = "<group>"; };
		75F64B301C8055BF0019F61C /* JSONResponseSerializerWithData.m */ = {isa = PBXFileReference; fileEncoding = 4; lastKnownFileType = sourcecode.c.objc; name = JSONResponseSerializerWithData.m; path = LibraryAPI/JSONResponseSerializerWithData.m; sourceTree = "<group>"; };
		75F64B361C809F540019F61C /* ResultTableViewCell.h */ = {isa = PBXFileReference; fileEncoding = 4; lastKnownFileType = sourcecode.c.h; name = ResultTableViewCell.h; path = Cells/ResultTableViewCell.h; sourceTree = "<group>"; };
		75F64B371C809F540019F61C /* ResultTableViewCell.m */ = {isa = PBXFileReference; fileEncoding = 4; lastKnownFileType = sourcecode.c.objc; name = ResultTableViewCell.m; path = Cells/ResultTableViewCell.m; sourceTree = "<group>"; };
		75F64B381C809F540019F61C /* ResultTableViewCell.xib */ = {isa = PBXFileReference; fileEncoding = 4; lastKnownFileType = file.xib; name = ResultTableViewCell.xib; path = Cells/ResultTableViewCell.xib; sourceTree = "<group>"; };
		A1D581A13A680831D7ACC36E /* libPods-CargoGuroViper.a */ = {isa = PBXFileReference; explicitFileType = archive.ar; includeInIndex = 0; path = "libPods-CargoGuroViper.a"; sourceTree = BUILT_PRODUCTS_DIR; };
/* End PBXFileReference section */

/* Begin PBXFrameworksBuildPhase section */
		75F64AC91C7DB1E50019F61C /* Frameworks */ = {
			isa = PBXFrameworksBuildPhase;
			buildActionMask = 2147483647;
			files = (
				75F64AEB1C7E1C360019F61C /* libRamblerTyphoonUtils.a in Frameworks */,
				75F64AEC1C7E1C360019F61C /* libTyphoon.a in Frameworks */,
				5B0133876EF0C7518663BFAA /* libPods-CargoGuroViper.a in Frameworks */,
			);
			runOnlyForDeploymentPostprocessing = 0;
		};
/* End PBXFrameworksBuildPhase section */

/* Begin PBXGroup section */
		2C190506C2473BFE8DF07EA6 /* Frameworks */ = {
			isa = PBXGroup;
			children = (
				75F64AE91C7E1C360019F61C /* libRamblerTyphoonUtils.a */,
				75F64AEA1C7E1C360019F61C /* libTyphoon.a */,
				A1D581A13A680831D7ACC36E /* libPods-CargoGuroViper.a */,
			);
			name = Frameworks;
			sourceTree = "<group>";
		};
		5E1223D394F8AB7B1EE92177 /* Pods */ = {
			isa = PBXGroup;
			children = (
				6DB4894CBB83AD52AF7064C7 /* Pods-CargoGuroViper.debug.xcconfig */,
				1A28622E542832680E3146A2 /* Pods-CargoGuroViper.release.xcconfig */,
			);
			name = Pods;
			sourceTree = "<group>";
		};
		63152DD61C7DE7D800AE47ED /* CalculateModule */ = {
			isa = PBXGroup;
			children = (
				63152DDB1C7DE84000AE47ED /* View */,
				63152DDA1C7DE83A00AE47ED /* Router */,
				63152DD91C7DE83000AE47ED /* Presenter */,
				63152DD81C7DE82300AE47ED /* Interactor */,
				63152DD71C7DE80500AE47ED /* Assembly */,
			);
			name = CalculateModule;
			sourceTree = "<group>";
		};
		63152DD71C7DE80500AE47ED /* Assembly */ = {
			isa = PBXGroup;
			children = (
				63152DDC1C7DE85B00AE47ED /* CGCalculateModuleAssembly.h */,
				63152DDD1C7DE85B00AE47ED /* CGCalculateModuleAssembly.m */,
			);
			name = Assembly;
			sourceTree = "<group>";
		};
		63152DD81C7DE82300AE47ED /* Interactor */ = {
			isa = PBXGroup;
			children = (
				63152DDF1C7DE86700AE47ED /* CGCalculateModuleInteractor.h */,
				63152DE01C7DE86700AE47ED /* CGCalculateModuleInteractor.m */,
				63152DE11C7DE86700AE47ED /* CGCalculateModuleInteractorInput.h */,
				63152DE21C7DE86700AE47ED /* CGCalculateModuleInteractorOutput.h */,
			);
			name = Interactor;
			sourceTree = "<group>";
		};
		63152DD91C7DE83000AE47ED /* Presenter */ = {
			isa = PBXGroup;
			children = (
				63152DE41C7DE86F00AE47ED /* CGCalculateModuleModuleInput.h */,
				63152DE51C7DE86F00AE47ED /* CGCalculateModulePresenter.h */,
				63152DE61C7DE86F00AE47ED /* CGCalculateModulePresenter.m */,
			);
			name = Presenter;
			sourceTree = "<group>";
		};
		63152DDA1C7DE83A00AE47ED /* Router */ = {
			isa = PBXGroup;
			children = (
				63152DE81C7DE87600AE47ED /* CGCalculateModuleRouter.h */,
				63152DE91C7DE87600AE47ED /* CGCalculateModuleRouter.m */,
				63152DEA1C7DE87600AE47ED /* CGCalculateModuleRouterInput.h */,
			);
			name = Router;
			sourceTree = "<group>";
		};
		63152DDB1C7DE84000AE47ED /* View */ = {
			isa = PBXGroup;
			children = (
				63152DEC1C7DE88200AE47ED /* CGCalculateModuleViewController.h */,
				63152DED1C7DE88200AE47ED /* CGCalculateModuleViewController.m */,
				63152DEE1C7DE88200AE47ED /* CGCalculateModuleViewInput.h */,
				63152DEF1C7DE88200AE47ED /* CGCalculateModuleViewOutput.h */,
			);
			name = View;
			sourceTree = "<group>";
		};
		758B0D731C8894990018E85E /* FilterModule */ = {
			isa = PBXGroup;
			children = (
				758B0D741C8894990018E85E /* Assembly */,
				758B0D771C8894990018E85E /* Interactor */,
				758B0D7C1C8894990018E85E /* Presenter */,
				758B0D801C8894990018E85E /* Router */,
				758B0D841C8894990018E85E /* View */,
			);
			path = FilterModule;
			sourceTree = "<group>";
		};
		758B0D741C8894990018E85E /* Assembly */ = {
			isa = PBXGroup;
			children = (
				758B0D751C8894990018E85E /* CGFilterModuleAssembly.h */,
				758B0D761C8894990018E85E /* CGFilterModuleAssembly.m */,
			);
			path = Assembly;
			sourceTree = "<group>";
		};
		758B0D771C8894990018E85E /* Interactor */ = {
			isa = PBXGroup;
			children = (
				758B0D781C8894990018E85E /* CGFilterModuleInteractor.h */,
				758B0D791C8894990018E85E /* CGFilterModuleInteractor.m */,
				758B0D7A1C8894990018E85E /* CGFilterModuleInteractorInput.h */,
				758B0D7B1C8894990018E85E /* CGFilterModuleInteractorOutput.h */,
			);
			path = Interactor;
			sourceTree = "<group>";
		};
		758B0D7C1C8894990018E85E /* Presenter */ = {
			isa = PBXGroup;
			children = (
				758B0D7D1C8894990018E85E /* CGFilterModuleModuleInput.h */,
				758B0D7E1C8894990018E85E /* CGFilterModulePresenter.h */,
				758B0D7F1C8894990018E85E /* CGFilterModulePresenter.m */,
			);
			path = Presenter;
			sourceTree = "<group>";
		};
		758B0D801C8894990018E85E /* Router */ = {
			isa = PBXGroup;
			children = (
				758B0D811C8894990018E85E /* CGFilterModuleRouter.h */,
				758B0D821C8894990018E85E /* CGFilterModuleRouter.m */,
				758B0D831C8894990018E85E /* CGFilterModuleRouterInput.h */,
			);
			path = Router;
			sourceTree = "<group>";
		};
		758B0D841C8894990018E85E /* View */ = {
			isa = PBXGroup;
			children = (
				758B0D851C8894990018E85E /* CGFilterModuleViewController.h */,
				758B0D861C8894990018E85E /* CGFilterModuleViewController.m */,
				758B0D871C8894990018E85E /* CGFilterModuleViewInput.h */,
				758B0D881C8894990018E85E /* CGFilterModuleViewOutput.h */,
			);
			path = View;
			sourceTree = "<group>";
		};
		75F64AC31C7DB1E50019F61C = {
			isa = PBXGroup;
			children = (
				75F64ACE1C7DB1E50019F61C /* CargoGuroViper */,
				75F64ACD1C7DB1E50019F61C /* Products */,
				5E1223D394F8AB7B1EE92177 /* Pods */,
				2C190506C2473BFE8DF07EA6 /* Frameworks */,
			);
			sourceTree = "<group>";
		};
		75F64ACD1C7DB1E50019F61C /* Products */ = {
			isa = PBXGroup;
			children = (
				75F64ACC1C7DB1E50019F61C /* CargoGuru.app */,
			);
			name = Products;
			sourceTree = "<group>";
		};
		75F64ACE1C7DB1E50019F61C /* CargoGuroViper */ = {
			isa = PBXGroup;
			children = (
				75F64B231C7FC0D60019F61C /* LibraryAPI */,
				758B0D731C8894990018E85E /* FilterModule */,
				75F64B081C7E66F80019F61C /* ResultCalculateModule */,
				63152DD61C7DE7D800AE47ED /* CalculateModule */,
				75F64AD21C7DB1E50019F61C /* AppDelegate.h */,
				75F64AD31C7DB1E50019F61C /* AppDelegate.m */,
				75F64AD51C7DB1E50019F61C /* ViewController.h */,
				75F64AD61C7DB1E50019F61C /* ViewController.m */,
				75F64AD81C7DB1E50019F61C /* Main.storyboard */,
				75F64ADE1C7DB1E50019F61C /* Assets.xcassets */,
				75F64AE01C7DB1E50019F61C /* LaunchScreen.storyboard */,
				75F64AE31C7DB1E50019F61C /* Info.plist */,
				75F64ADB1C7DB1E50019F61C /* CargoGuroViper.xcdatamodeld */,
				75F64ACF1C7DB1E50019F61C /* Supporting Files */,
			);
			path = CargoGuroViper;
			sourceTree = "<group>";
		};
		75F64ACF1C7DB1E50019F61C /* Supporting Files */ = {
			isa = PBXGroup;
			children = (
				75F64AD01C7DB1E50019F61C /* main.m */,
			);
			name = "Supporting Files";
			sourceTree = "<group>";
		};
		75F64B081C7E66F80019F61C /* ResultCalculateModule */ = {
			isa = PBXGroup;
			children = (
				75F64B091C7E66F80019F61C /* Assembly */,
				75F64B0C1C7E66F80019F61C /* Interactor */,
				75F64B111C7E66F80019F61C /* Presenter */,
				75F64B151C7E66F80019F61C /* Router */,
				75F64B191C7E66F80019F61C /* View */,
			);
			path = ResultCalculateModule;
			sourceTree = "<group>";
		};
		75F64B091C7E66F80019F61C /* Assembly */ = {
			isa = PBXGroup;
			children = (
				75F64B0A1C7E66F80019F61C /* CGResultCalculateModuleAssembly.h */,
				75F64B0B1C7E66F80019F61C /* CGResultCalculateModuleAssembly.m */,
			);
			path = Assembly;
			sourceTree = "<group>";
		};
		75F64B0C1C7E66F80019F61C /* Interactor */ = {
			isa = PBXGroup;
			children = (
				75F64B0D1C7E66F80019F61C /* CGResultCalculateModuleInteractor.h */,
				75F64B0E1C7E66F80019F61C /* CGResultCalculateModuleInteractor.m */,
				75F64B0F1C7E66F80019F61C /* CGResultCalculateModuleInteractorInput.h */,
				75F64B101C7E66F80019F61C /* CGResultCalculateModuleInteractorOutput.h */,
			);
			path = Interactor;
			sourceTree = "<group>";
		};
		75F64B111C7E66F80019F61C /* Presenter */ = {
			isa = PBXGroup;
			children = (
				75F64B121C7E66F80019F61C /* CGResultCalculateModuleModuleInput.h */,
				75F64B131C7E66F80019F61C /* CGResultCalculateModulePresenter.h */,
				75F64B141C7E66F80019F61C /* CGResultCalculateModulePresenter.m */,
			);
			path = Presenter;
			sourceTree = "<group>";
		};
		75F64B151C7E66F80019F61C /* Router */ = {
			isa = PBXGroup;
			children = (
				75F64B161C7E66F80019F61C /* CGResultCalculateModuleRouter.h */,
				75F64B171C7E66F80019F61C /* CGResultCalculateModuleRouter.m */,
				75F64B181C7E66F80019F61C /* CGResultCalculateModuleRouterInput.h */,
			);
			path = Router;
			sourceTree = "<group>";
		};
		75F64B191C7E66F80019F61C /* View */ = {
			isa = PBXGroup;
			children = (
				75F64B1A1C7E66F80019F61C /* CGResultCalculateModuleViewController.h */,
				75F64B1B1C7E66F80019F61C /* CGResultCalculateModuleViewController.m */,
				75F64B1C1C7E66F80019F61C /* CGResultCalculateModuleViewInput.h */,
				75F64B1D1C7E66F80019F61C /* CGResultCalculateModuleViewOutput.h */,
				75F64B3B1C809F630019F61C /* Cells */,
				758B0D901C8B80000018E85E /* SortingView.h */,
				758B0D911C8B80000018E85E /* SortingView.m */,
				758B0D931C8B824D0018E85E /* SortingView.xib */,
			);
			path = View;
			sourceTree = "<group>";
		};
		75F64B231C7FC0D60019F61C /* LibraryAPI */ = {
			isa = PBXGroup;
			children = (
				75F64B2D1C8055BF0019F61C /* HTTPClient.h */,
				75F64B2E1C8055BF0019F61C /* HTTPClient.m */,
				75F64B2F1C8055BF0019F61C /* JSONResponseSerializerWithData.h */,
				75F64B301C8055BF0019F61C /* JSONResponseSerializerWithData.m */,
			);
			name = LibraryAPI;
			sourceTree = "<group>";
		};
		75F64B3B1C809F630019F61C /* Cells */ = {
			isa = PBXGroup;
			children = (
				75F64B361C809F540019F61C /* ResultTableViewCell.h */,
				75F64B371C809F540019F61C /* ResultTableViewCell.m */,
				75F64B381C809F540019F61C /* ResultTableViewCell.xib */,
			);
			name = Cells;
			sourceTree = "<group>";
		};
/* End PBXGroup section */

/* Begin PBXNativeTarget section */
		75F64ACB1C7DB1E50019F61C /* CargoGuru */ = {
			isa = PBXNativeTarget;
			buildConfigurationList = 75F64AE61C7DB1E50019F61C /* Build configuration list for PBXNativeTarget "CargoGuru" */;
			buildPhases = (
				BA5D5C54345DD61CF45661BA /* Check Pods Manifest.lock */,
				75F64AC81C7DB1E50019F61C /* Sources */,
				75F64AC91C7DB1E50019F61C /* Frameworks */,
				75F64ACA1C7DB1E50019F61C /* Resources */,
				924F5AAD2B2C5CC957A8C2E6 /* Embed Pods Frameworks */,
				C9D8D309F8BF6A8094433952 /* Copy Pods Resources */,
			);
			buildRules = (
			);
			dependencies = (
			);
			name = CargoGuru;
			productName = CargoGuroViper;
			productReference = 75F64ACC1C7DB1E50019F61C /* CargoGuru.app */;
			productType = "com.apple.product-type.application";
		};
/* End PBXNativeTarget section */

/* Begin PBXProject section */
		75F64AC41C7DB1E50019F61C /* Project object */ = {
			isa = PBXProject;
			attributes = {
				LastUpgradeCheck = 0720;
				ORGANIZATIONNAME = "Виктория";
				TargetAttributes = {
					75F64ACB1C7DB1E50019F61C = {
						CreatedOnToolsVersion = 7.2.1;
						DevelopmentTeam = 56H2EM9AX8;
					};
				};
			};
			buildConfigurationList = 75F64AC71C7DB1E50019F61C /* Build configuration list for PBXProject "CargoGuru" */;
			compatibilityVersion = "Xcode 3.2";
			developmentRegion = English;
			hasScannedForEncodings = 0;
			knownRegions = (
				en,
				Base,
			);
			mainGroup = 75F64AC31C7DB1E50019F61C;
			productRefGroup = 75F64ACD1C7DB1E50019F61C /* Products */;
			projectDirPath = "";
			projectRoot = "";
			targets = (
				75F64ACB1C7DB1E50019F61C /* CargoGuru */,
			);
		};
/* End PBXProject section */

/* Begin PBXResourcesBuildPhase section */
		75F64ACA1C7DB1E50019F61C /* Resources */ = {
			isa = PBXResourcesBuildPhase;
			buildActionMask = 2147483647;
			files = (
				758B0D941C8B824D0018E85E /* SortingView.xib in Resources */,
				75F64AE21C7DB1E50019F61C /* LaunchScreen.storyboard in Resources */,
				75F64ADF1C7DB1E50019F61C /* Assets.xcassets in Resources */,
				75F64B3A1C809F540019F61C /* ResultTableViewCell.xib in Resources */,
				75F64ADA1C7DB1E50019F61C /* Main.storyboard in Resources */,
			);
			runOnlyForDeploymentPostprocessing = 0;
		};
/* End PBXResourcesBuildPhase section */

/* Begin PBXShellScriptBuildPhase section */
		924F5AAD2B2C5CC957A8C2E6 /* Embed Pods Frameworks */ = {
			isa = PBXShellScriptBuildPhase;
			buildActionMask = 2147483647;
			files = (
			);
			inputPaths = (
			);
			name = "Embed Pods Frameworks";
			outputPaths = (
			);
			runOnlyForDeploymentPostprocessing = 0;
			shellPath = /bin/sh;
			shellScript = "\"${SRCROOT}/Pods/Target Support Files/Pods-CargoGuroViper/Pods-CargoGuroViper-frameworks.sh\"\n";
			showEnvVarsInLog = 0;
		};
		BA5D5C54345DD61CF45661BA /* Check Pods Manifest.lock */ = {
			isa = PBXShellScriptBuildPhase;
			buildActionMask = 2147483647;
			files = (
			);
			inputPaths = (
			);
			name = "Check Pods Manifest.lock";
			outputPaths = (
			);
			runOnlyForDeploymentPostprocessing = 0;
			shellPath = /bin/sh;
			shellScript = "diff \"${PODS_ROOT}/../Podfile.lock\" \"${PODS_ROOT}/Manifest.lock\" > /dev/null\nif [[ $? != 0 ]] ; then\n    cat << EOM\nerror: The sandbox is not in sync with the Podfile.lock. Run 'pod install' or update your CocoaPods installation.\nEOM\n    exit 1\nfi\n";
			showEnvVarsInLog = 0;
		};
		C9D8D309F8BF6A8094433952 /* Copy Pods Resources */ = {
			isa = PBXShellScriptBuildPhase;
			buildActionMask = 2147483647;
			files = (
			);
			inputPaths = (
			);
			name = "Copy Pods Resources";
			outputPaths = (
			);
			runOnlyForDeploymentPostprocessing = 0;
			shellPath = /bin/sh;
			shellScript = "\"${SRCROOT}/Pods/Target Support Files/Pods-CargoGuroViper/Pods-CargoGuroViper-resources.sh\"\n";
			showEnvVarsInLog = 0;
		};
/* End PBXShellScriptBuildPhase section */

/* Begin PBXSourcesBuildPhase section */
		75F64AC81C7DB1E50019F61C /* Sources */ = {
			isa = PBXSourcesBuildPhase;
			buildActionMask = 2147483647;
			files = (
				75F64B391C809F540019F61C /* ResultTableViewCell.m in Sources */,
				758B0D8A1C8894990018E85E /* CGFilterModuleInteractor.m in Sources */,
				63152DF01C7DE88200AE47ED /* CGCalculateModuleViewController.m in Sources */,
				63152DE71C7DE86F00AE47ED /* CGCalculateModulePresenter.m in Sources */,
				75F64AD71C7DB1E50019F61C /* ViewController.m in Sources */,
				63152DE31C7DE86700AE47ED /* CGCalculateModuleInteractor.m in Sources */,
				758B0D921C8B80000018E85E /* SortingView.m in Sources */,
				758B0D8B1C8894990018E85E /* CGFilterModulePresenter.m in Sources */,
				63152DEB1C7DE87600AE47ED /* CGCalculateModuleRouter.m in Sources */,
				75F64B1F1C7E66F80019F61C /* CGResultCalculateModuleInteractor.m in Sources */,
				63152DDE1C7DE85B00AE47ED /* CGCalculateModuleAssembly.m in Sources */,
				75F64B211C7E66F80019F61C /* CGResultCalculateModuleRouter.m in Sources */,
				75F64B341C8055BF0019F61C /* JSONResponseSerializerWithData.m in Sources */,
				75F64B331C8055BF0019F61C /* HTTPClient.m in Sources */,
				75F64B221C7E66F80019F61C /* CGResultCalculateModuleViewController.m in Sources */,
				75F64AD41C7DB1E50019F61C /* AppDelegate.m in Sources */,
				75F64B1E1C7E66F80019F61C /* CGResultCalculateModuleAssembly.m in Sources */,
				75F64ADD1C7DB1E50019F61C /* CargoGuroViper.xcdatamodeld in Sources */,
				758B0D891C8894990018E85E /* CGFilterModuleAssembly.m in Sources */,
				758B0D8D1C8894990018E85E /* CGFilterModuleViewController.m in Sources */,
				75F64B201C7E66F80019F61C /* CGResultCalculateModulePresenter.m in Sources */,
				75F64AD11C7DB1E50019F61C /* main.m in Sources */,
				758B0D8C1C8894990018E85E /* CGFilterModuleRouter.m in Sources */,
			);
			runOnlyForDeploymentPostprocessing = 0;
		};
/* End PBXSourcesBuildPhase section */

/* Begin PBXVariantGroup section */
		75F64AD81C7DB1E50019F61C /* Main.storyboard */ = {
			isa = PBXVariantGroup;
			children = (
				75F64AD91C7DB1E50019F61C /* Base */,
			);
			name = Main.storyboard;
			sourceTree = "<group>";
		};
		75F64AE01C7DB1E50019F61C /* LaunchScreen.storyboard */ = {
			isa = PBXVariantGroup;
			children = (
				75F64AE11C7DB1E50019F61C /* Base */,
			);
			name = LaunchScreen.storyboard;
			sourceTree = "<group>";
		};
/* End PBXVariantGroup section */

/* Begin XCBuildConfiguration section */
		75F64AE41C7DB1E50019F61C /* Debug */ = {
			isa = XCBuildConfiguration;
			buildSettings = {
				ALWAYS_SEARCH_USER_PATHS = NO;
				CLANG_CXX_LANGUAGE_STANDARD = "gnu++0x";
				CLANG_CXX_LIBRARY = "libc++";
				CLANG_ENABLE_MODULES = YES;
				CLANG_ENABLE_OBJC_ARC = YES;
				CLANG_WARN_BOOL_CONVERSION = YES;
				CLANG_WARN_CONSTANT_CONVERSION = YES;
				CLANG_WARN_DIRECT_OBJC_ISA_USAGE = YES_ERROR;
				CLANG_WARN_EMPTY_BODY = YES;
				CLANG_WARN_ENUM_CONVERSION = YES;
				CLANG_WARN_INT_CONVERSION = YES;
				CLANG_WARN_OBJC_ROOT_CLASS = YES_ERROR;
				CLANG_WARN_UNREACHABLE_CODE = YES;
				CLANG_WARN__DUPLICATE_METHOD_MATCH = YES;
				"CODE_SIGN_IDENTITY[sdk=iphoneos*]" = "iPhone Developer";
				COPY_PHASE_STRIP = NO;
				DEBUG_INFORMATION_FORMAT = dwarf;
				ENABLE_STRICT_OBJC_MSGSEND = YES;
				ENABLE_TESTABILITY = YES;
				GCC_C_LANGUAGE_STANDARD = gnu99;
				GCC_DYNAMIC_NO_PIC = NO;
				GCC_NO_COMMON_BLOCKS = YES;
				GCC_OPTIMIZATION_LEVEL = 0;
				GCC_PREPROCESSOR_DEFINITIONS = (
					"DEBUG=1",
					"$(inherited)",
				);
				GCC_WARN_64_TO_32_BIT_CONVERSION = YES;
				GCC_WARN_ABOUT_RETURN_TYPE = YES_ERROR;
				GCC_WARN_UNDECLARED_SELECTOR = YES;
				GCC_WARN_UNINITIALIZED_AUTOS = YES_AGGRESSIVE;
				GCC_WARN_UNUSED_FUNCTION = YES;
				GCC_WARN_UNUSED_VARIABLE = YES;
				IPHONEOS_DEPLOYMENT_TARGET = 9.2;
				MTL_ENABLE_DEBUG_INFO = YES;
				ONLY_ACTIVE_ARCH = YES;
				SDKROOT = iphoneos;
			};
			name = Debug;
		};
		75F64AE51C7DB1E50019F61C /* Release */ = {
			isa = XCBuildConfiguration;
			buildSettings = {
				ALWAYS_SEARCH_USER_PATHS = NO;
				CLANG_CXX_LANGUAGE_STANDARD = "gnu++0x";
				CLANG_CXX_LIBRARY = "libc++";
				CLANG_ENABLE_MODULES = YES;
				CLANG_ENABLE_OBJC_ARC = YES;
				CLANG_WARN_BOOL_CONVERSION = YES;
				CLANG_WARN_CONSTANT_CONVERSION = YES;
				CLANG_WARN_DIRECT_OBJC_ISA_USAGE = YES_ERROR;
				CLANG_WARN_EMPTY_BODY = YES;
				CLANG_WARN_ENUM_CONVERSION = YES;
				CLANG_WARN_INT_CONVERSION = YES;
				CLANG_WARN_OBJC_ROOT_CLASS = YES_ERROR;
				CLANG_WARN_UNREACHABLE_CODE = YES;
				CLANG_WARN__DUPLICATE_METHOD_MATCH = YES;
				"CODE_SIGN_IDENTITY[sdk=iphoneos*]" = "iPhone Developer";
				COPY_PHASE_STRIP = NO;
				DEBUG_INFORMATION_FORMAT = "dwarf-with-dsym";
				ENABLE_NS_ASSERTIONS = NO;
				ENABLE_STRICT_OBJC_MSGSEND = YES;
				GCC_C_LANGUAGE_STANDARD = gnu99;
				GCC_NO_COMMON_BLOCKS = YES;
				GCC_WARN_64_TO_32_BIT_CONVERSION = YES;
				GCC_WARN_ABOUT_RETURN_TYPE = YES_ERROR;
				GCC_WARN_UNDECLARED_SELECTOR = YES;
				GCC_WARN_UNINITIALIZED_AUTOS = YES_AGGRESSIVE;
				GCC_WARN_UNUSED_FUNCTION = YES;
				GCC_WARN_UNUSED_VARIABLE = YES;
				IPHONEOS_DEPLOYMENT_TARGET = 9.2;
				MTL_ENABLE_DEBUG_INFO = NO;
				SDKROOT = iphoneos;
				VALIDATE_PRODUCT = YES;
			};
			name = Release;
		};
		75F64AE71C7DB1E50019F61C /* Debug */ = {
			isa = XCBuildConfiguration;
			baseConfigurationReference = 6DB4894CBB83AD52AF7064C7 /* Pods-CargoGuroViper.debug.xcconfig */;
			buildSettings = {
				ASSETCATALOG_COMPILER_APPICON_NAME = AppIcon;
				CODE_SIGN_IDENTITY = "iPhone Developer";
				"CODE_SIGN_IDENTITY[sdk=iphoneos*]" = "iPhone Developer";
				ENABLE_BITCODE = NO;
				FRAMEWORK_SEARCH_PATHS = (
					"$(inherited)",
					"$(PROJECT_DIR)/build/Debug-iphoneos",
				);
				INFOPLIST_FILE = CargoGuroViper/Info.plist;
				LD_RUNPATH_SEARCH_PATHS = "$(inherited) @executable_path/Frameworks /Users/a1/workspase/CargoGuro";
				LIBRARY_SEARCH_PATHS = (
					"$(inherited)",
					"$(PROJECT_DIR)/build/Debug-iphoneos",
				);
				OTHER_LDFLAGS = (
					"$(inherited)",
					"-ObjC",
					"-l\"AFNetworking\"",
					"-l\"OCMock\"",
					"-l\"RamblerSegues\"",
					"-l\"RamblerTyphoonUtils\"",
					"-l\"Typhoon\"",
					"-l\"ViperMcFlurry\"",
					"-framework",
					"\"CoreGraphics\"",
					"-framework",
					"\"MobileCoreServices\"",
					"-framework",
					"\"Security\"",
					"-framework",
					"\"SystemConfiguration\"",
					"-weak_framework",
					"\"XCTest\"",
				);
				PRODUCT_BUNDLE_IDENTIFIER = com.fruktorum.CargoGuru;
				PRODUCT_NAME = CargoGuru;
				PROVISIONING_PROFILE = "";
				TARGETED_DEVICE_FAMILY = "1,2";
			};
			name = Debug;
		};
		75F64AE81C7DB1E50019F61C /* Release */ = {
			isa = XCBuildConfiguration;
			baseConfigurationReference = 1A28622E542832680E3146A2 /* Pods-CargoGuroViper.release.xcconfig */;
			buildSettings = {
				ASSETCATALOG_COMPILER_APPICON_NAME = AppIcon;
				CODE_SIGN_IDENTITY = "iPhone Developer";
				"CODE_SIGN_IDENTITY[sdk=iphoneos*]" = "iPhone Distribution";
				ENABLE_BITCODE = NO;
				FRAMEWORK_SEARCH_PATHS = (
					"$(inherited)",
					"$(PROJECT_DIR)/build/Debug-iphoneos",
				);
				INFOPLIST_FILE = CargoGuroViper/Info.plist;
				LD_RUNPATH_SEARCH_PATHS = "$(inherited) @executable_path/Frameworks";
				LIBRARY_SEARCH_PATHS = (
					"$(inherited)",
					"$(PROJECT_DIR)/build/Debug-iphoneos",
				);
				OTHER_LDFLAGS = (
					"$(inherited)",
					"-ObjC",
					"-l\"AFNetworking\"",
					"-l\"OCMock\"",
					"-l\"RamblerSegues\"",
					"-l\"RamblerTyphoonUtils\"",
					"-l\"Typhoon\"",
					"-l\"ViperMcFlurry\"",
					"-framework",
					"\"CoreGraphics\"",
					"-framework",
					"\"MobileCoreServices\"",
					"-framework",
					"\"Security\"",
					"-framework",
					"\"SystemConfiguration\"",
					"-weak_framework",
					"\"XCTest\"",
				);
				PRODUCT_BUNDLE_IDENTIFIER = com.fruktorum.CargoGuru;
				PRODUCT_NAME = CargoGuru;
				PROVISIONING_PROFILE = "";
				TARGETED_DEVICE_FAMILY = "1,2";
			};
			name = Release;
		};
/* End XCBuildConfiguration section */

/* Begin XCConfigurationList section */
		75F64AC71C7DB1E50019F61C /* Build configuration list for PBXProject "CargoGuru" */ = {
			isa = XCConfigurationList;
			buildConfigurations = (
				75F64AE41C7DB1E50019F61C /* Debug */,
				75F64AE51C7DB1E50019F61C /* Release */,
			);
			defaultConfigurationIsVisible = 0;
			defaultConfigurationName = Release;
		};
		75F64AE61C7DB1E50019F61C /* Build configuration list for PBXNativeTarget "CargoGuru" */ = {
			isa = XCConfigurationList;
			buildConfigurations = (
				75F64AE71C7DB1E50019F61C /* Debug */,
				75F64AE81C7DB1E50019F61C /* Release */,
			);
			defaultConfigurationIsVisible = 0;
			defaultConfigurationName = Release;
		};
/* End XCConfigurationList section */

/* Begin XCVersionGroup section */
		75F64ADB1C7DB1E50019F61C /* CargoGuroViper.xcdatamodeld */ = {
			isa = XCVersionGroup;
			children = (
				75F64ADC1C7DB1E50019F61C /* CargoGuroViper.xcdatamodel */,
			);
			currentVersion = 75F64ADC1C7DB1E50019F61C /* CargoGuroViper.xcdatamodel */;
			path = CargoGuroViper.xcdatamodeld;
			sourceTree = "<group>";
			versionGroupType = wrapper.xcdatamodel;
		};
/* End XCVersionGroup section */
	};
	rootObject = 75F64AC41C7DB1E50019F61C /* Project object */;
}
